// !$*UTF8*$!
{
	archiveVersion = 1;
	classes = {
	};
	objectVersion = 50;
	objects = {

/* Begin PBXBuildFile section */
		BD04603A21E129360019705D /* ButtomUpController.swift in Sources */ = {isa = PBXBuildFile; fileRef = BD04603921E129360019705D /* ButtomUpController.swift */; };
		BD04603C21E138DD0019705D /* BottomControllerCell.swift in Sources */ = {isa = PBXBuildFile; fileRef = BD04603B21E138DD0019705D /* BottomControllerCell.swift */; };
		BD21771021DA89D30021890B /* NewPostCell1.swift in Sources */ = {isa = PBXBuildFile; fileRef = BD21770F21DA89D30021890B /* NewPostCell1.swift */; };
		BD235B5321D43E3F00B69689 /* CustomTextView.swift in Sources */ = {isa = PBXBuildFile; fileRef = BD235B5221D43E3F00B69689 /* CustomTextView.swift */; };
		BD235B5521D543A300B69689 /* NewPostCell3.swift in Sources */ = {isa = PBXBuildFile; fileRef = BD235B5421D543A300B69689 /* NewPostCell3.swift */; };
		BD235B5721D574D200B69689 /* ChooseCategoryController.swift in Sources */ = {isa = PBXBuildFile; fileRef = BD235B5621D574D200B69689 /* ChooseCategoryController.swift */; };
		BD235B5921D5804800B69689 /* MapViewController.swift in Sources */ = {isa = PBXBuildFile; fileRef = BD235B5821D5804800B69689 /* MapViewController.swift */; };
		BD235B7D21D6912C00B69689 /* Post.swift in Sources */ = {isa = PBXBuildFile; fileRef = BD235B7C21D6912C00B69689 /* Post.swift */; };
		BD294E0021D1A18C00976663 /* AppDelegate.swift in Sources */ = {isa = PBXBuildFile; fileRef = BD294DFF21D1A18C00976663 /* AppDelegate.swift */; };
		BD294E0221D1A18C00976663 /* TabBarController.swift in Sources */ = {isa = PBXBuildFile; fileRef = BD294E0121D1A18C00976663 /* TabBarController.swift */; };
		BD294E0521D1A18C00976663 /* Main.storyboard in Resources */ = {isa = PBXBuildFile; fileRef = BD294E0321D1A18C00976663 /* Main.storyboard */; };
		BD294E0721D1A18E00976663 /* Assets.xcassets in Resources */ = {isa = PBXBuildFile; fileRef = BD294E0621D1A18E00976663 /* Assets.xcassets */; };
		BD294E0A21D1A18E00976663 /* LaunchScreen.storyboard in Resources */ = {isa = PBXBuildFile; fileRef = BD294E0821D1A18E00976663 /* LaunchScreen.storyboard */; };
		BD294E1221D1A59100976663 /* HomeController.swift in Sources */ = {isa = PBXBuildFile; fileRef = BD294E1121D1A59100976663 /* HomeController.swift */; };
		BD294E1421D1A94D00976663 /* SearchController.swift in Sources */ = {isa = PBXBuildFile; fileRef = BD294E1321D1A94D00976663 /* SearchController.swift */; };
		BD294E1621D1ACD000976663 /* SavedItemsController.swift in Sources */ = {isa = PBXBuildFile; fileRef = BD294E1521D1ACD000976663 /* SavedItemsController.swift */; };
		BD294E1821D1AFD100976663 /* ColletionsViewController.swift in Sources */ = {isa = PBXBuildFile; fileRef = BD294E1721D1AFD100976663 /* ColletionsViewController.swift */; };
		BD294E1C21D1B60700976663 /* HomeHeader.swift in Sources */ = {isa = PBXBuildFile; fileRef = BD294E1B21D1B60700976663 /* HomeHeader.swift */; };
		BD294E1E21D1D30200976663 /* CategoryCell.swift in Sources */ = {isa = PBXBuildFile; fileRef = BD294E1D21D1D30200976663 /* CategoryCell.swift */; };
		BD294E2121D1F29500976663 /* CategoryModel.swift in Sources */ = {isa = PBXBuildFile; fileRef = BD294E2021D1F29500976663 /* CategoryModel.swift */; };
		BD4D905121E022BA0036D206 /* MapPostsController.swift in Sources */ = {isa = PBXBuildFile; fileRef = BD4D905021E022BA0036D206 /* MapPostsController.swift */; };
		BD6A524721D400220094D175 /* NewPostController.swift in Sources */ = {isa = PBXBuildFile; fileRef = BD6A524621D400220094D175 /* NewPostController.swift */; };
		BD6A524C21D406A10094D175 /* CustomLabel.swift in Sources */ = {isa = PBXBuildFile; fileRef = BD6A524B21D406A10094D175 /* CustomLabel.swift */; };
		BD6A524E21D409A50094D175 /* NewPostCell2.swift in Sources */ = {isa = PBXBuildFile; fileRef = BD6A524D21D409A50094D175 /* NewPostCell2.swift */; };
		BD7F2C0E21DD596A006BBC3E /* HomeControllerCell.swift in Sources */ = {isa = PBXBuildFile; fileRef = BD7F2C0D21DD596A006BBC3E /* HomeControllerCell.swift */; };
		BD7F2C1021DD5BA0006BBC3E /* CustomCollectionViewHeader.swift in Sources */ = {isa = PBXBuildFile; fileRef = BD7F2C0F21DD5BA0006BBC3E /* CustomCollectionViewHeader.swift */; };
		BD7F2C1221DD86DF006BBC3E /* CategoryFilterController.swift in Sources */ = {isa = PBXBuildFile; fileRef = BD7F2C1121DD86DF006BBC3E /* CategoryFilterController.swift */; };
		BD9B740021DEA72D00196DB4 /* PostDetailsController.swift in Sources */ = {isa = PBXBuildFile; fileRef = BD9B73FF21DEA72D00196DB4 /* PostDetailsController.swift */; };
		BD9B740221DECDDA00196DB4 /* PostImageCell.swift in Sources */ = {isa = PBXBuildFile; fileRef = BD9B740121DECDDA00196DB4 /* PostImageCell.swift */; };
		BDBBA22621D2AF960033A53C /* GoogleService-Info.plist in Resources */ = {isa = PBXBuildFile; fileRef = BDBBA22521D2AF960033A53C /* GoogleService-Info.plist */; };
		BDF88FE621D2B9B9004277E3 /* CollectionsCell.swift in Sources */ = {isa = PBXBuildFile; fileRef = BDF88FE521D2B9B9004277E3 /* CollectionsCell.swift */; };
		BDF88FE821D2EED9004277E3 /* LoginController.swift in Sources */ = {isa = PBXBuildFile; fileRef = BDF88FE721D2EED9004277E3 /* LoginController.swift */; };
		BDF88FEA21D2F012004277E3 /* RegistrationController.swift in Sources */ = {isa = PBXBuildFile; fileRef = BDF88FE921D2F012004277E3 /* RegistrationController.swift */; };
		BDF88FED21D2F56A004277E3 /* CustomTextFiels.swift in Sources */ = {isa = PBXBuildFile; fileRef = BDF88FEC21D2F56A004277E3 /* CustomTextFiels.swift */; };
		BDF88FF121D30619004277E3 /* User.swift in Sources */ = {isa = PBXBuildFile; fileRef = BDF88FF021D30619004277E3 /* User.swift */; };
		FBAB290F56684E92400DCC42 /* Pods_Classifieds.framework in Frameworks */ = {isa = PBXBuildFile; fileRef = 1DCBA56CAD8F8E4F7FF9752A /* Pods_Classifieds.framework */; settings = {ATTRIBUTES = (Weak, ); }; };
/* End PBXBuildFile section */

/* Begin PBXFileReference section */
		0ED3886017A114BFA40E5D09 /* Pods-Classifieds.release.xcconfig */ = {isa = PBXFileReference; includeInIndex = 1; lastKnownFileType = text.xcconfig; name = "Pods-Classifieds.release.xcconfig"; path = "Pods/Target Support Files/Pods-Classifieds/Pods-Classifieds.release.xcconfig"; sourceTree = "<group>"; };
		1DCBA56CAD8F8E4F7FF9752A /* Pods_Classifieds.framework */ = {isa = PBXFileReference; explicitFileType = wrapper.framework; includeInIndex = 0; path = Pods_Classifieds.framework; sourceTree = BUILT_PRODUCTS_DIR; };
		BD04603921E129360019705D /* ButtomUpController.swift */ = {isa = PBXFileReference; lastKnownFileType = sourcecode.swift; path = ButtomUpController.swift; sourceTree = "<group>"; };
		BD04603B21E138DD0019705D /* BottomControllerCell.swift */ = {isa = PBXFileReference; lastKnownFileType = sourcecode.swift; path = BottomControllerCell.swift; sourceTree = "<group>"; };
		BD21770F21DA89D30021890B /* NewPostCell1.swift */ = {isa = PBXFileReference; lastKnownFileType = sourcecode.swift; path = NewPostCell1.swift; sourceTree = "<group>"; };
		BD235B5221D43E3F00B69689 /* CustomTextView.swift */ = {isa = PBXFileReference; lastKnownFileType = sourcecode.swift; path = CustomTextView.swift; sourceTree = "<group>"; };
		BD235B5421D543A300B69689 /* NewPostCell3.swift */ = {isa = PBXFileReference; lastKnownFileType = sourcecode.swift; path = NewPostCell3.swift; sourceTree = "<group>"; };
		BD235B5621D574D200B69689 /* ChooseCategoryController.swift */ = {isa = PBXFileReference; lastKnownFileType = sourcecode.swift; path = ChooseCategoryController.swift; sourceTree = "<group>"; };
		BD235B5821D5804800B69689 /* MapViewController.swift */ = {isa = PBXFileReference; lastKnownFileType = sourcecode.swift; path = MapViewController.swift; sourceTree = "<group>"; };
		BD235B7C21D6912C00B69689 /* Post.swift */ = {isa = PBXFileReference; lastKnownFileType = sourcecode.swift; path = Post.swift; sourceTree = "<group>"; };
		BD294DFC21D1A18C00976663 /* Classifieds.app */ = {isa = PBXFileReference; explicitFileType = wrapper.application; includeInIndex = 0; path = Classifieds.app; sourceTree = BUILT_PRODUCTS_DIR; };
		BD294DFF21D1A18C00976663 /* AppDelegate.swift */ = {isa = PBXFileReference; lastKnownFileType = sourcecode.swift; path = AppDelegate.swift; sourceTree = "<group>"; };
		BD294E0121D1A18C00976663 /* TabBarController.swift */ = {isa = PBXFileReference; lastKnownFileType = sourcecode.swift; path = TabBarController.swift; sourceTree = "<group>"; };
		BD294E0421D1A18C00976663 /* Base */ = {isa = PBXFileReference; lastKnownFileType = file.storyboard; name = Base; path = Base.lproj/Main.storyboard; sourceTree = "<group>"; };
		BD294E0621D1A18E00976663 /* Assets.xcassets */ = {isa = PBXFileReference; lastKnownFileType = folder.assetcatalog; path = Assets.xcassets; sourceTree = "<group>"; };
		BD294E0921D1A18E00976663 /* Base */ = {isa = PBXFileReference; lastKnownFileType = file.storyboard; name = Base; path = Base.lproj/LaunchScreen.storyboard; sourceTree = "<group>"; };
		BD294E0B21D1A18E00976663 /* Info.plist */ = {isa = PBXFileReference; lastKnownFileType = text.plist.xml; path = Info.plist; sourceTree = "<group>"; };
		BD294E1121D1A59100976663 /* HomeController.swift */ = {isa = PBXFileReference; lastKnownFileType = sourcecode.swift; path = HomeController.swift; sourceTree = "<group>"; };
		BD294E1321D1A94D00976663 /* SearchController.swift */ = {isa = PBXFileReference; lastKnownFileType = sourcecode.swift; path = SearchController.swift; sourceTree = "<group>"; };
		BD294E1521D1ACD000976663 /* SavedItemsController.swift */ = {isa = PBXFileReference; lastKnownFileType = sourcecode.swift; path = SavedItemsController.swift; sourceTree = "<group>"; };
		BD294E1721D1AFD100976663 /* ColletionsViewController.swift */ = {isa = PBXFileReference; lastKnownFileType = sourcecode.swift; path = ColletionsViewController.swift; sourceTree = "<group>"; };
		BD294E1B21D1B60700976663 /* HomeHeader.swift */ = {isa = PBXFileReference; lastKnownFileType = sourcecode.swift; path = HomeHeader.swift; sourceTree = "<group>"; };
		BD294E1D21D1D30200976663 /* CategoryCell.swift */ = {isa = PBXFileReference; lastKnownFileType = sourcecode.swift; path = CategoryCell.swift; sourceTree = "<group>"; };
		BD294E2021D1F29500976663 /* CategoryModel.swift */ = {isa = PBXFileReference; lastKnownFileType = sourcecode.swift; path = CategoryModel.swift; sourceTree = "<group>"; };
		BD4D905021E022BA0036D206 /* MapPostsController.swift */ = {isa = PBXFileReference; lastKnownFileType = sourcecode.swift; path = MapPostsController.swift; sourceTree = "<group>"; };
		BD6A524621D400220094D175 /* NewPostController.swift */ = {isa = PBXFileReference; lastKnownFileType = sourcecode.swift; path = NewPostController.swift; sourceTree = "<group>"; };
		BD6A524B21D406A10094D175 /* CustomLabel.swift */ = {isa = PBXFileReference; lastKnownFileType = sourcecode.swift; path = CustomLabel.swift; sourceTree = "<group>"; };
		BD6A524D21D409A50094D175 /* NewPostCell2.swift */ = {isa = PBXFileReference; lastKnownFileType = sourcecode.swift; path = NewPostCell2.swift; sourceTree = "<group>"; };
		BD7F2C0D21DD596A006BBC3E /* HomeControllerCell.swift */ = {isa = PBXFileReference; lastKnownFileType = sourcecode.swift; path = HomeControllerCell.swift; sourceTree = "<group>"; };
		BD7F2C0F21DD5BA0006BBC3E /* CustomCollectionViewHeader.swift */ = {isa = PBXFileReference; lastKnownFileType = sourcecode.swift; path = CustomCollectionViewHeader.swift; sourceTree = "<group>"; };
		BD7F2C1121DD86DF006BBC3E /* CategoryFilterController.swift */ = {isa = PBXFileReference; lastKnownFileType = sourcecode.swift; path = CategoryFilterController.swift; sourceTree = "<group>"; };
		BD9B73FF21DEA72D00196DB4 /* PostDetailsController.swift */ = {isa = PBXFileReference; lastKnownFileType = sourcecode.swift; path = PostDetailsController.swift; sourceTree = "<group>"; };
		BD9B740121DECDDA00196DB4 /* PostImageCell.swift */ = {isa = PBXFileReference; lastKnownFileType = sourcecode.swift; path = PostImageCell.swift; sourceTree = "<group>"; };
		BDBBA22521D2AF960033A53C /* GoogleService-Info.plist */ = {isa = PBXFileReference; fileEncoding = 4; lastKnownFileType = text.plist.xml; path = "GoogleService-Info.plist"; sourceTree = "<group>"; };
		BDF88FE521D2B9B9004277E3 /* CollectionsCell.swift */ = {isa = PBXFileReference; lastKnownFileType = sourcecode.swift; path = CollectionsCell.swift; sourceTree = "<group>"; };
		BDF88FE721D2EED9004277E3 /* LoginController.swift */ = {isa = PBXFileReference; lastKnownFileType = sourcecode.swift; path = LoginController.swift; sourceTree = "<group>"; };
		BDF88FE921D2F012004277E3 /* RegistrationController.swift */ = {isa = PBXFileReference; lastKnownFileType = sourcecode.swift; path = RegistrationController.swift; sourceTree = "<group>"; };
		BDF88FEC21D2F56A004277E3 /* CustomTextFiels.swift */ = {isa = PBXFileReference; lastKnownFileType = sourcecode.swift; path = CustomTextFiels.swift; sourceTree = "<group>"; };
		BDF88FF021D30619004277E3 /* User.swift */ = {isa = PBXFileReference; lastKnownFileType = sourcecode.swift; path = User.swift; sourceTree = "<group>"; };
		D021F81A81BF00076615E562 /* Pods-Classifieds.debug.xcconfig */ = {isa = PBXFileReference; includeInIndex = 1; lastKnownFileType = text.xcconfig; name = "Pods-Classifieds.debug.xcconfig"; path = "Pods/Target Support Files/Pods-Classifieds/Pods-Classifieds.debug.xcconfig"; sourceTree = "<group>"; };
/* End PBXFileReference section */

/* Begin PBXFrameworksBuildPhase section */
		BD294DF921D1A18C00976663 /* Frameworks */ = {
			isa = PBXFrameworksBuildPhase;
			buildActionMask = 2147483647;
			files = (
				FBAB290F56684E92400DCC42 /* Pods_Classifieds.framework in Frameworks */,
			);
			runOnlyForDeploymentPostprocessing = 0;
		};
/* End PBXFrameworksBuildPhase section */

/* Begin PBXGroup section */
		7DA34AA9560BB1053BFE35AD /* Frameworks */ = {
			isa = PBXGroup;
			children = (
				1DCBA56CAD8F8E4F7FF9752A /* Pods_Classifieds.framework */,
			);
			name = Frameworks;
			sourceTree = "<group>";
		};
		BD294DF321D1A18C00976663 = {
			isa = PBXGroup;
			children = (
				BD294DFE21D1A18C00976663 /* Classifieds */,
				BD294DFD21D1A18C00976663 /* Products */,
				D8B886A0B01B9F9E9BE62573 /* Pods */,
				7DA34AA9560BB1053BFE35AD /* Frameworks */,
			);
			sourceTree = "<group>";
		};
		BD294DFD21D1A18C00976663 /* Products */ = {
			isa = PBXGroup;
			children = (
				BD294DFC21D1A18C00976663 /* Classifieds.app */,
			);
			name = Products;
			sourceTree = "<group>";
		};
		BD294DFE21D1A18C00976663 /* Classifieds */ = {
			isa = PBXGroup;
			children = (
				BDF88FEB21D2F557004277E3 /* Utilities */,
				BD294DFF21D1A18C00976663 /* AppDelegate.swift */,
				BD294E0121D1A18C00976663 /* TabBarController.swift */,
				BD294E1F21D1F27B00976663 /* Model */,
				BD294E1A21D1B5EB00976663 /* View */,
				BD294E1921D1B0F800976663 /* Controller */,
				BD294E0321D1A18C00976663 /* Main.storyboard */,
				BD294E0621D1A18E00976663 /* Assets.xcassets */,
				BD294E0821D1A18E00976663 /* LaunchScreen.storyboard */,
				BD294E0B21D1A18E00976663 /* Info.plist */,
				BDBBA22521D2AF960033A53C /* GoogleService-Info.plist */,
			);
			path = Classifieds;
			sourceTree = "<group>";
		};
		BD294E1921D1B0F800976663 /* Controller */ = {
			isa = PBXGroup;
			children = (
				BDF88FE921D2F012004277E3 /* RegistrationController.swift */,
				BDF88FE721D2EED9004277E3 /* LoginController.swift */,
				BD294E1721D1AFD100976663 /* ColletionsViewController.swift */,
				BD294E1321D1A94D00976663 /* SearchController.swift */,
				BD294E1521D1ACD000976663 /* SavedItemsController.swift */,
				BD7F2C1121DD86DF006BBC3E /* CategoryFilterController.swift */,
				BD7F2C0C21DD594D006BBC3E /* HomeController */,
				BD6A524821D4020B0094D175 /* NewPost */,
			);
			path = Controller;
			sourceTree = "<group>";
		};
		BD294E1A21D1B5EB00976663 /* View */ = {
			isa = PBXGroup;
			children = (
				BD294E1B21D1B60700976663 /* HomeHeader.swift */,
				BD294E1D21D1D30200976663 /* CategoryCell.swift */,
				BDF88FE521D2B9B9004277E3 /* CollectionsCell.swift */,
				BD7F2C0F21DD5BA0006BBC3E /* CustomCollectionViewHeader.swift */,
			);
			path = View;
			sourceTree = "<group>";
		};
		BD294E1F21D1F27B00976663 /* Model */ = {
			isa = PBXGroup;
			children = (
				BD294E2021D1F29500976663 /* CategoryModel.swift */,
				BDF88FF021D30619004277E3 /* User.swift */,
				BD235B7C21D6912C00B69689 /* Post.swift */,
			);
			path = Model;
			sourceTree = "<group>";
		};
		BD6A524821D4020B0094D175 /* NewPost */ = {
			isa = PBXGroup;
			children = (
				BD6A524621D400220094D175 /* NewPostController.swift */,
				BD21770F21DA89D30021890B /* NewPostCell1.swift */,
				BD6A524D21D409A50094D175 /* NewPostCell2.swift */,
				BD235B5421D543A300B69689 /* NewPostCell3.swift */,
				BD235B5621D574D200B69689 /* ChooseCategoryController.swift */,
				BD235B5821D5804800B69689 /* MapViewController.swift */,
			);
			path = NewPost;
			sourceTree = "<group>";
		};
		BD7F2C0C21DD594D006BBC3E /* HomeController */ = {
			isa = PBXGroup;
			children = (
				BD294E1121D1A59100976663 /* HomeController.swift */,
				BD7F2C0D21DD596A006BBC3E /* HomeControllerCell.swift */,
				BD9B73FF21DEA72D00196DB4 /* PostDetailsController.swift */,
				BD9B740121DECDDA00196DB4 /* PostImageCell.swift */,
				BD4D905021E022BA0036D206 /* MapPostsController.swift */,
				BD04603921E129360019705D /* ButtomUpController.swift */,
				BD04603B21E138DD0019705D /* BottomControllerCell.swift */,
			);
			path = HomeController;
			sourceTree = "<group>";
		};
		BDF88FEB21D2F557004277E3 /* Utilities */ = {
			isa = PBXGroup;
			children = (
				BDF88FEC21D2F56A004277E3 /* CustomTextFiels.swift */,
				BD6A524B21D406A10094D175 /* CustomLabel.swift */,
				BD235B5221D43E3F00B69689 /* CustomTextView.swift */,
			);
			path = Utilities;
			sourceTree = "<group>";
		};
		D8B886A0B01B9F9E9BE62573 /* Pods */ = {
			isa = PBXGroup;
			children = (
				D021F81A81BF00076615E562 /* Pods-Classifieds.debug.xcconfig */,
				0ED3886017A114BFA40E5D09 /* Pods-Classifieds.release.xcconfig */,
			);
			name = Pods;
			sourceTree = "<group>";
		};
/* End PBXGroup section */

/* Begin PBXNativeTarget section */
		BD294DFB21D1A18C00976663 /* Classifieds */ = {
			isa = PBXNativeTarget;
			buildConfigurationList = BD294E0E21D1A18E00976663 /* Build configuration list for PBXNativeTarget "Classifieds" */;
			buildPhases = (
				F111CA47C920CF457C8AE808 /* [CP] Check Pods Manifest.lock */,
				BD294DF821D1A18C00976663 /* Sources */,
				BD294DF921D1A18C00976663 /* Frameworks */,
				BD294DFA21D1A18C00976663 /* Resources */,
				4910600DA5F891EADFE779BE /* [CP] Embed Pods Frameworks */,
			);
			buildRules = (
			);
			dependencies = (
			);
			name = Classifieds;
			productName = Classifieds;
			productReference = BD294DFC21D1A18C00976663 /* Classifieds.app */;
			productType = "com.apple.product-type.application";
		};
/* End PBXNativeTarget section */

/* Begin PBXProject section */
		BD294DF421D1A18C00976663 /* Project object */ = {
			isa = PBXProject;
			attributes = {
				LastSwiftUpdateCheck = 1010;
				LastUpgradeCheck = 1010;
				ORGANIZATIONNAME = "Viswa Kodela";
				TargetAttributes = {
					BD294DFB21D1A18C00976663 = {
						CreatedOnToolsVersion = 10.1;
					};
				};
			};
			buildConfigurationList = BD294DF721D1A18C00976663 /* Build configuration list for PBXProject "Classifieds" */;
			compatibilityVersion = "Xcode 9.3";
			developmentRegion = en;
			hasScannedForEncodings = 0;
			knownRegions = (
				en,
				Base,
			);
			mainGroup = BD294DF321D1A18C00976663;
			productRefGroup = BD294DFD21D1A18C00976663 /* Products */;
			projectDirPath = "";
			projectRoot = "";
			targets = (
				BD294DFB21D1A18C00976663 /* Classifieds */,
			);
		};
/* End PBXProject section */

/* Begin PBXResourcesBuildPhase section */
		BD294DFA21D1A18C00976663 /* Resources */ = {
			isa = PBXResourcesBuildPhase;
			buildActionMask = 2147483647;
			files = (
				BD294E0A21D1A18E00976663 /* LaunchScreen.storyboard in Resources */,
				BDBBA22621D2AF960033A53C /* GoogleService-Info.plist in Resources */,
				BD294E0721D1A18E00976663 /* Assets.xcassets in Resources */,
				BD294E0521D1A18C00976663 /* Main.storyboard in Resources */,
			);
			runOnlyForDeploymentPostprocessing = 0;
		};
/* End PBXResourcesBuildPhase section */

/* Begin PBXShellScriptBuildPhase section */
		4910600DA5F891EADFE779BE /* [CP] Embed Pods Frameworks */ = {
			isa = PBXShellScriptBuildPhase;
			buildActionMask = 2147483647;
			files = (
			);
			inputPaths = (
				"${SRCROOT}/Pods/Target Support Files/Pods-Classifieds/Pods-Classifieds-frameworks.sh",
				"${BUILT_PRODUCTS_DIR}/BSGridCollectionViewLayout/BSGridCollectionViewLayout.framework",
				"${BUILT_PRODUCTS_DIR}/BSImagePicker/BSImagePicker.framework",
				"${BUILT_PRODUCTS_DIR}/BSImageView/BSImageView.framework",
				"${BUILT_PRODUCTS_DIR}/BoringSSL/openssl.framework",
				"${BUILT_PRODUCTS_DIR}/GTMSessionFetcher/GTMSessionFetcher.framework",
				"${BUILT_PRODUCTS_DIR}/GoogleUtilities/GoogleUtilities.framework",
				"${BUILT_PRODUCTS_DIR}/JGProgressHUD/JGProgressHUD.framework",
				"${BUILT_PRODUCTS_DIR}/Protobuf/Protobuf.framework",
				"${BUILT_PRODUCTS_DIR}/SDWebImage/SDWebImage.framework",
				"${BUILT_PRODUCTS_DIR}/gRPC/GRPCClient.framework",
				"${BUILT_PRODUCTS_DIR}/gRPC-C++/grpcpp.framework",
				"${BUILT_PRODUCTS_DIR}/gRPC-Core/grpc.framework",
				"${BUILT_PRODUCTS_DIR}/gRPC-ProtoRPC/ProtoRPC.framework",
				"${BUILT_PRODUCTS_DIR}/gRPC-RxLibrary/RxLibrary.framework",
				"${BUILT_PRODUCTS_DIR}/leveldb-library/leveldb.framework",
				"${BUILT_PRODUCTS_DIR}/nanopb/nanopb.framework",
			);
			name = "[CP] Embed Pods Frameworks";
			outputPaths = (
				"${TARGET_BUILD_DIR}/${FRAMEWORKS_FOLDER_PATH}/BSGridCollectionViewLayout.framework",
				"${TARGET_BUILD_DIR}/${FRAMEWORKS_FOLDER_PATH}/BSImagePicker.framework",
				"${TARGET_BUILD_DIR}/${FRAMEWORKS_FOLDER_PATH}/BSImageView.framework",
				"${TARGET_BUILD_DIR}/${FRAMEWORKS_FOLDER_PATH}/openssl.framework",
				"${TARGET_BUILD_DIR}/${FRAMEWORKS_FOLDER_PATH}/GTMSessionFetcher.framework",
				"${TARGET_BUILD_DIR}/${FRAMEWORKS_FOLDER_PATH}/GoogleUtilities.framework",
				"${TARGET_BUILD_DIR}/${FRAMEWORKS_FOLDER_PATH}/JGProgressHUD.framework",
				"${TARGET_BUILD_DIR}/${FRAMEWORKS_FOLDER_PATH}/Protobuf.framework",
				"${TARGET_BUILD_DIR}/${FRAMEWORKS_FOLDER_PATH}/SDWebImage.framework",
				"${TARGET_BUILD_DIR}/${FRAMEWORKS_FOLDER_PATH}/GRPCClient.framework",
				"${TARGET_BUILD_DIR}/${FRAMEWORKS_FOLDER_PATH}/grpcpp.framework",
				"${TARGET_BUILD_DIR}/${FRAMEWORKS_FOLDER_PATH}/grpc.framework",
				"${TARGET_BUILD_DIR}/${FRAMEWORKS_FOLDER_PATH}/ProtoRPC.framework",
				"${TARGET_BUILD_DIR}/${FRAMEWORKS_FOLDER_PATH}/RxLibrary.framework",
				"${TARGET_BUILD_DIR}/${FRAMEWORKS_FOLDER_PATH}/leveldb.framework",
				"${TARGET_BUILD_DIR}/${FRAMEWORKS_FOLDER_PATH}/nanopb.framework",
			);
			runOnlyForDeploymentPostprocessing = 0;
			shellPath = /bin/sh;
			shellScript = "\"${SRCROOT}/Pods/Target Support Files/Pods-Classifieds/Pods-Classifieds-frameworks.sh\"\n";
			showEnvVarsInLog = 0;
		};
		F111CA47C920CF457C8AE808 /* [CP] Check Pods Manifest.lock */ = {
			isa = PBXShellScriptBuildPhase;
			buildActionMask = 2147483647;
			files = (
			);
			inputPaths = (
				"${PODS_PODFILE_DIR_PATH}/Podfile.lock",
				"${PODS_ROOT}/Manifest.lock",
			);
			name = "[CP] Check Pods Manifest.lock";
			outputPaths = (
				"$(DERIVED_FILE_DIR)/Pods-Classifieds-checkManifestLockResult.txt",
			);
			runOnlyForDeploymentPostprocessing = 0;
			shellPath = /bin/sh;
			shellScript = "diff \"${PODS_PODFILE_DIR_PATH}/Podfile.lock\" \"${PODS_ROOT}/Manifest.lock\" > /dev/null\nif [ $? != 0 ] ; then\n    # print error to STDERR\n    echo \"error: The sandbox is not in sync with the Podfile.lock. Run 'pod install' or update your CocoaPods installation.\" >&2\n    exit 1\nfi\n# This output is used by Xcode 'outputs' to avoid re-running this script phase.\necho \"SUCCESS\" > \"${SCRIPT_OUTPUT_FILE_0}\"\n";
			showEnvVarsInLog = 0;
		};
/* End PBXShellScriptBuildPhase section */

/* Begin PBXSourcesBuildPhase section */
		BD294DF821D1A18C00976663 /* Sources */ = {
			isa = PBXSourcesBuildPhase;
			buildActionMask = 2147483647;
			files = (
				BDF88FE821D2EED9004277E3 /* LoginController.swift in Sources */,
				BD235B7D21D6912C00B69689 /* Post.swift in Sources */,
				BD294E0221D1A18C00976663 /* TabBarController.swift in Sources */,
				BD235B5321D43E3F00B69689 /* CustomTextView.swift in Sources */,
				BD294E1621D1ACD000976663 /* SavedItemsController.swift in Sources */,
				BD235B5721D574D200B69689 /* ChooseCategoryController.swift in Sources */,
				BD294E1821D1AFD100976663 /* ColletionsViewController.swift in Sources */,
				BDF88FED21D2F56A004277E3 /* CustomTextFiels.swift in Sources */,
				BD7F2C0E21DD596A006BBC3E /* HomeControllerCell.swift in Sources */,
				BD7F2C1021DD5BA0006BBC3E /* CustomCollectionViewHeader.swift in Sources */,
				BD6A524C21D406A10094D175 /* CustomLabel.swift in Sources */,
				BD04603C21E138DD0019705D /* BottomControllerCell.swift in Sources */,
				BD4D905121E022BA0036D206 /* MapPostsController.swift in Sources */,
				BDF88FE621D2B9B9004277E3 /* CollectionsCell.swift in Sources */,
				BD6A524E21D409A50094D175 /* NewPostCell2.swift in Sources */,
				BD235B5521D543A300B69689 /* NewPostCell3.swift in Sources */,
				BD04603A21E129360019705D /* ButtomUpController.swift in Sources */,
				BD9B740021DEA72D00196DB4 /* PostDetailsController.swift in Sources */,
				BDF88FF121D30619004277E3 /* User.swift in Sources */,
				BD7F2C1221DD86DF006BBC3E /* CategoryFilterController.swift in Sources */,
				BD21771021DA89D30021890B /* NewPostCell1.swift in Sources */,
				BD294E1E21D1D30200976663 /* CategoryCell.swift in Sources */,
				BD235B5921D5804800B69689 /* MapViewController.swift in Sources */,
				BD6A524721D400220094D175 /* NewPostController.swift in Sources */,
				BD294E0021D1A18C00976663 /* AppDelegate.swift in Sources */,
				BD294E1C21D1B60700976663 /* HomeHeader.swift in Sources */,
				BD294E1221D1A59100976663 /* HomeController.swift in Sources */,
				BD294E2121D1F29500976663 /* CategoryModel.swift in Sources */,
				BDF88FEA21D2F012004277E3 /* RegistrationController.swift in Sources */,
				BD294E1421D1A94D00976663 /* SearchController.swift in Sources */,
				BD9B740221DECDDA00196DB4 /* PostImageCell.swift in Sources */,
			);
			runOnlyForDeploymentPostprocessing = 0;
		};
/* End PBXSourcesBuildPhase section */

/* Begin PBXVariantGroup section */
		BD294E0321D1A18C00976663 /* Main.storyboard */ = {
			isa = PBXVariantGroup;
			children = (
				BD294E0421D1A18C00976663 /* Base */,
			);
			name = Main.storyboard;
			sourceTree = "<group>";
		};
		BD294E0821D1A18E00976663 /* LaunchScreen.storyboard */ = {
			isa = PBXVariantGroup;
			children = (
				BD294E0921D1A18E00976663 /* Base */,
			);
			name = LaunchScreen.storyboard;
			sourceTree = "<group>";
		};
/* End PBXVariantGroup section */

/* Begin XCBuildConfiguration section */
		BD294E0C21D1A18E00976663 /* Debug */ = {
			isa = XCBuildConfiguration;
			buildSettings = {
				ALWAYS_SEARCH_USER_PATHS = NO;
				CLANG_ANALYZER_NONNULL = YES;
				CLANG_ANALYZER_NUMBER_OBJECT_CONVERSION = YES_AGGRESSIVE;
				CLANG_CXX_LANGUAGE_STANDARD = "gnu++14";
				CLANG_CXX_LIBRARY = "libc++";
				CLANG_ENABLE_MODULES = YES;
				CLANG_ENABLE_OBJC_ARC = YES;
				CLANG_ENABLE_OBJC_WEAK = YES;
				CLANG_WARN_BLOCK_CAPTURE_AUTORELEASING = YES;
				CLANG_WARN_BOOL_CONVERSION = YES;
				CLANG_WARN_COMMA = YES;
				CLANG_WARN_CONSTANT_CONVERSION = YES;
				CLANG_WARN_DEPRECATED_OBJC_IMPLEMENTATIONS = YES;
				CLANG_WARN_DIRECT_OBJC_ISA_USAGE = YES_ERROR;
				CLANG_WARN_DOCUMENTATION_COMMENTS = YES;
				CLANG_WARN_EMPTY_BODY = YES;
				CLANG_WARN_ENUM_CONVERSION = YES;
				CLANG_WARN_INFINITE_RECURSION = YES;
				CLANG_WARN_INT_CONVERSION = YES;
				CLANG_WARN_NON_LITERAL_NULL_CONVERSION = YES;
				CLANG_WARN_OBJC_IMPLICIT_RETAIN_SELF = YES;
				CLANG_WARN_OBJC_LITERAL_CONVERSION = YES;
				CLANG_WARN_OBJC_ROOT_CLASS = YES_ERROR;
				CLANG_WARN_RANGE_LOOP_ANALYSIS = YES;
				CLANG_WARN_STRICT_PROTOTYPES = YES;
				CLANG_WARN_SUSPICIOUS_MOVE = YES;
				CLANG_WARN_UNGUARDED_AVAILABILITY = YES_AGGRESSIVE;
				CLANG_WARN_UNREACHABLE_CODE = YES;
				CLANG_WARN__DUPLICATE_METHOD_MATCH = YES;
				CODE_SIGN_IDENTITY = "iPhone Developer";
				COPY_PHASE_STRIP = NO;
				DEBUG_INFORMATION_FORMAT = dwarf;
				ENABLE_STRICT_OBJC_MSGSEND = YES;
				ENABLE_TESTABILITY = YES;
				GCC_C_LANGUAGE_STANDARD = gnu11;
				GCC_DYNAMIC_NO_PIC = NO;
				GCC_NO_COMMON_BLOCKS = YES;
				GCC_OPTIMIZATION_LEVEL = 0;
				GCC_PREPROCESSOR_DEFINITIONS = (
					"DEBUG=1",
					"$(inherited)",
				);
				GCC_WARN_64_TO_32_BIT_CONVERSION = YES;
				GCC_WARN_ABOUT_RETURN_TYPE = YES_ERROR;
				GCC_WARN_UNDECLARED_SELECTOR = YES;
				GCC_WARN_UNINITIALIZED_AUTOS = YES_AGGRESSIVE;
				GCC_WARN_UNUSED_FUNCTION = YES;
				GCC_WARN_UNUSED_VARIABLE = YES;
				IPHONEOS_DEPLOYMENT_TARGET = 12.1;
				MTL_ENABLE_DEBUG_INFO = INCLUDE_SOURCE;
				MTL_FAST_MATH = YES;
				ONLY_ACTIVE_ARCH = YES;
				SDKROOT = iphoneos;
				SWIFT_ACTIVE_COMPILATION_CONDITIONS = DEBUG;
				SWIFT_OPTIMIZATION_LEVEL = "-Onone";
			};
			name = Debug;
		};
		BD294E0D21D1A18E00976663 /* Release */ = {
			isa = XCBuildConfiguration;
			buildSettings = {
				ALWAYS_SEARCH_USER_PATHS = NO;
				CLANG_ANALYZER_NONNULL = YES;
				CLANG_ANALYZER_NUMBER_OBJECT_CONVERSION = YES_AGGRESSIVE;
				CLANG_CXX_LANGUAGE_STANDARD = "gnu++14";
				CLANG_CXX_LIBRARY = "libc++";
				CLANG_ENABLE_MODULES = YES;
				CLANG_ENABLE_OBJC_ARC = YES;
				CLANG_ENABLE_OBJC_WEAK = YES;
				CLANG_WARN_BLOCK_CAPTURE_AUTORELEASING = YES;
				CLANG_WARN_BOOL_CONVERSION = YES;
				CLANG_WARN_COMMA = YES;
				CLANG_WARN_CONSTANT_CONVERSION = YES;
				CLANG_WARN_DEPRECATED_OBJC_IMPLEMENTATIONS = YES;
				CLANG_WARN_DIRECT_OBJC_ISA_USAGE = YES_ERROR;
				CLANG_WARN_DOCUMENTATION_COMMENTS = YES;
				CLANG_WARN_EMPTY_BODY = YES;
				CLANG_WARN_ENUM_CONVERSION = YES;
				CLANG_WARN_INFINITE_RECURSION = YES;
				CLANG_WARN_INT_CONVERSION = YES;
				CLANG_WARN_NON_LITERAL_NULL_CONVERSION = YES;
				CLANG_WARN_OBJC_IMPLICIT_RETAIN_SELF = YES;
				CLANG_WARN_OBJC_LITERAL_CONVERSION = YES;
				CLANG_WARN_OBJC_ROOT_CLASS = YES_ERROR;
				CLANG_WARN_RANGE_LOOP_ANALYSIS = YES;
				CLANG_WARN_STRICT_PROTOTYPES = YES;
				CLANG_WARN_SUSPICIOUS_MOVE = YES;
				CLANG_WARN_UNGUARDED_AVAILABILITY = YES_AGGRESSIVE;
				CLANG_WARN_UNREACHABLE_CODE = YES;
				CLANG_WARN__DUPLICATE_METHOD_MATCH = YES;
				CODE_SIGN_IDENTITY = "iPhone Developer";
				COPY_PHASE_STRIP = NO;
				DEBUG_INFORMATION_FORMAT = "dwarf-with-dsym";
				ENABLE_NS_ASSERTIONS = NO;
				ENABLE_STRICT_OBJC_MSGSEND = YES;
				GCC_C_LANGUAGE_STANDARD = gnu11;
				GCC_NO_COMMON_BLOCKS = YES;
				GCC_WARN_64_TO_32_BIT_CONVERSION = YES;
				GCC_WARN_ABOUT_RETURN_TYPE = YES_ERROR;
				GCC_WARN_UNDECLARED_SELECTOR = YES;
				GCC_WARN_UNINITIALIZED_AUTOS = YES_AGGRESSIVE;
				GCC_WARN_UNUSED_FUNCTION = YES;
				GCC_WARN_UNUSED_VARIABLE = YES;
				IPHONEOS_DEPLOYMENT_TARGET = 12.1;
				MTL_ENABLE_DEBUG_INFO = NO;
				MTL_FAST_MATH = YES;
				SDKROOT = iphoneos;
				SWIFT_COMPILATION_MODE = wholemodule;
				SWIFT_OPTIMIZATION_LEVEL = "-O";
				VALIDATE_PRODUCT = YES;
			};
			name = Release;
		};
		BD294E0F21D1A18E00976663 /* Debug */ = {
			isa = XCBuildConfiguration;
			baseConfigurationReference = D021F81A81BF00076615E562 /* Pods-Classifieds.debug.xcconfig */;
			buildSettings = {
				ASSETCATALOG_COMPILER_APPICON_NAME = AppIcon;
				CODE_SIGN_STYLE = Automatic;
				DEVELOPMENT_TEAM = SFNG7GVEK8;
				INFOPLIST_FILE = Classifieds/Info.plist;
				LD_RUNPATH_SEARCH_PATHS = (
					"$(inherited)",
					"@executable_path/Frameworks",
				);
				PRODUCT_BUNDLE_IDENTIFIER = com.viswakodela.Classifieds;
				PRODUCT_NAME = "$(TARGET_NAME)";
				SWIFT_VERSION = 4.2;
				TARGETED_DEVICE_FAMILY = "1,2";
			};
			name = Debug;
		};
		BD294E1021D1A18E00976663 /* Release */ = {
			isa = XCBuildConfiguration;
			baseConfigurationReference = 0ED3886017A114BFA40E5D09 /* Pods-Classifieds.release.xcconfig */;
			buildSettings = {
				ASSETCATALOG_COMPILER_APPICON_NAME = AppIcon;
				CODE_SIGN_STYLE = Automatic;
				DEVELOPMENT_TEAM = SFNG7GVEK8;
				INFOPLIST_FILE = Classifieds/Info.plist;
				LD_RUNPATH_SEARCH_PATHS = (
					"$(inherited)",
					"@executable_path/Frameworks",
				);
				PRODUCT_BUNDLE_IDENTIFIER = com.viswakodela.Classifieds;
				PRODUCT_NAME = "$(TARGET_NAME)";
				SWIFT_VERSION = 4.2;
				TARGETED_DEVICE_FAMILY = "1,2";
			};
			name = Release;
		};
/* End XCBuildConfiguration section */

/* Begin XCConfigurationList section */
		BD294DF721D1A18C00976663 /* Build configuration list for PBXProject "Classifieds" */ = {
			isa = XCConfigurationList;
			buildConfigurations = (
				BD294E0C21D1A18E00976663 /* Debug */,
				BD294E0D21D1A18E00976663 /* Release */,
			);
			defaultConfigurationIsVisible = 0;
			defaultConfigurationName = Release;
		};
		BD294E0E21D1A18E00976663 /* Build configuration list for PBXNativeTarget "Classifieds" */ = {
			isa = XCConfigurationList;
			buildConfigurations = (
				BD294E0F21D1A18E00976663 /* Debug */,
				BD294E1021D1A18E00976663 /* Release */,
			);
			defaultConfigurationIsVisible = 0;
			defaultConfigurationName = Release;
		};
/* End XCConfigurationList section */
	};
	rootObject = BD294DF421D1A18C00976663 /* Project object */;
}
