// !$*UTF8*$!
{
	archiveVersion = 1;
	classes = {
	};
	objectVersion = 50;
	objects = {

/* Begin PBXBuildFile section */
		BD05B49621F69A6500F78914 /* AccountHeader.swift in Sources */ = {isa = PBXBuildFile; fileRef = BD05B49521F69A6500F78914 /* AccountHeader.swift */; };
		BD21771021DA89D30021890B /* TitleTextFieldCell.swift in Sources */ = {isa = PBXBuildFile; fileRef = BD21770F21DA89D30021890B /* TitleTextFieldCell.swift */; };
		BD23388C21E520AC00C3B7D2 /* FilterTableViewCell.swift in Sources */ = {isa = PBXBuildFile; fileRef = BD23388B21E520AC00C3B7D2 /* FilterTableViewCell.swift */; };
		BD235B5321D43E3F00B69689 /* CustomTextView.swift in Sources */ = {isa = PBXBuildFile; fileRef = BD235B5221D43E3F00B69689 /* CustomTextView.swift */; };
		BD235B5521D543A300B69689 /* NewpostPriceCategoryLocationCell.swift in Sources */ = {isa = PBXBuildFile; fileRef = BD235B5421D543A300B69689 /* NewpostPriceCategoryLocationCell.swift */; };
		BD235B5721D574D200B69689 /* ChooseCategoryController.swift in Sources */ = {isa = PBXBuildFile; fileRef = BD235B5621D574D200B69689 /* ChooseCategoryController.swift */; };
		BD235B5921D5804800B69689 /* MapViewController.swift in Sources */ = {isa = PBXBuildFile; fileRef = BD235B5821D5804800B69689 /* MapViewController.swift */; };
		BD235B7D21D6912C00B69689 /* Post.swift in Sources */ = {isa = PBXBuildFile; fileRef = BD235B7C21D6912C00B69689 /* Post.swift */; };
		BD25630721EA9CD100647358 /* ImagesCollectionViewCell.swift in Sources */ = {isa = PBXBuildFile; fileRef = BD25630621EA9CD100647358 /* ImagesCollectionViewCell.swift */; };
		BD25630921EAAAC100647358 /* TitleForPostDetailCell.swift in Sources */ = {isa = PBXBuildFile; fileRef = BD25630821EAAAC100647358 /* TitleForPostDetailCell.swift */; };
		BD25630B21EAB76E00647358 /* SellerDetailsCell.swift in Sources */ = {isa = PBXBuildFile; fileRef = BD25630A21EAB76E00647358 /* SellerDetailsCell.swift */; };
		BD25630D21EAC03300647358 /* PostDescriptionDetailsCell.swift in Sources */ = {isa = PBXBuildFile; fileRef = BD25630C21EAC03300647358 /* PostDescriptionDetailsCell.swift */; };
		BD25630F21EAC27700647358 /* MapViewCell.swift in Sources */ = {isa = PBXBuildFile; fileRef = BD25630E21EAC27700647358 /* MapViewCell.swift */; };
		BD25631121EAC70800647358 /* OtherPostsFromSellerCell.swift in Sources */ = {isa = PBXBuildFile; fileRef = BD25631021EAC70800647358 /* OtherPostsFromSellerCell.swift */; };
		BD25631421EBD40E00647358 /* PriceLabelCell.swift in Sources */ = {isa = PBXBuildFile; fileRef = BD25631321EBD40E00647358 /* PriceLabelCell.swift */; };
		BD25631921EC02AF00647358 /* MessageCell.swift in Sources */ = {isa = PBXBuildFile; fileRef = BD25631821EC02AF00647358 /* MessageCell.swift */; };
		BD25631D21ED3DC900647358 /* SearchFilterController.swift in Sources */ = {isa = PBXBuildFile; fileRef = BD25631C21ED3DC900647358 /* SearchFilterController.swift */; };
		BD26C18521E67E45003FFDDD /* NewMessageController.swift in Sources */ = {isa = PBXBuildFile; fileRef = BD26C18421E67E45003FFDDD /* NewMessageController.swift */; };
		BD26C18A21E68C10003FFDDD /* Message.swift in Sources */ = {isa = PBXBuildFile; fileRef = BD26C18921E68C10003FFDDD /* Message.swift */; };
		BD26C18C21E7C332003FFDDD /* MessagesTableController.swift in Sources */ = {isa = PBXBuildFile; fileRef = BD26C18B21E7C332003FFDDD /* MessagesTableController.swift */; };
		BD26C18E21E7EEE0003FFDDD /* MessagesControllerCell.swift in Sources */ = {isa = PBXBuildFile; fileRef = BD26C18D21E7EEE0003FFDDD /* MessagesControllerCell.swift */; };
		BD294E0021D1A18C00976663 /* AppDelegate.swift in Sources */ = {isa = PBXBuildFile; fileRef = BD294DFF21D1A18C00976663 /* AppDelegate.swift */; };
		BD294E0221D1A18C00976663 /* TabBarController.swift in Sources */ = {isa = PBXBuildFile; fileRef = BD294E0121D1A18C00976663 /* TabBarController.swift */; };
		BD294E0521D1A18C00976663 /* Main.storyboard in Resources */ = {isa = PBXBuildFile; fileRef = BD294E0321D1A18C00976663 /* Main.storyboard */; };
		BD294E0721D1A18E00976663 /* Assets.xcassets in Resources */ = {isa = PBXBuildFile; fileRef = BD294E0621D1A18E00976663 /* Assets.xcassets */; };
		BD294E0A21D1A18E00976663 /* LaunchScreen.storyboard in Resources */ = {isa = PBXBuildFile; fileRef = BD294E0821D1A18E00976663 /* LaunchScreen.storyboard */; };
		BD294E1221D1A59100976663 /* HomeController.swift in Sources */ = {isa = PBXBuildFile; fileRef = BD294E1121D1A59100976663 /* HomeController.swift */; };
		BD294E1421D1A94D00976663 /* SearchController.swift in Sources */ = {isa = PBXBuildFile; fileRef = BD294E1321D1A94D00976663 /* SearchController.swift */; };
		BD294E1621D1ACD000976663 /* FavoritesController.swift in Sources */ = {isa = PBXBuildFile; fileRef = BD294E1521D1ACD000976663 /* FavoritesController.swift */; };
		BD294E1821D1AFD100976663 /* ColletionsViewController.swift in Sources */ = {isa = PBXBuildFile; fileRef = BD294E1721D1AFD100976663 /* ColletionsViewController.swift */; };
		BD294E1C21D1B60700976663 /* HomeHeader.swift in Sources */ = {isa = PBXBuildFile; fileRef = BD294E1B21D1B60700976663 /* HomeHeader.swift */; };
		BD294E1E21D1D30200976663 /* CategoryCell.swift in Sources */ = {isa = PBXBuildFile; fileRef = BD294E1D21D1D30200976663 /* CategoryCell.swift */; };
		BD294E2121D1F29500976663 /* CategoryModel.swift in Sources */ = {isa = PBXBuildFile; fileRef = BD294E2021D1F29500976663 /* CategoryModel.swift */; };
		BD30520221F2580A009CE53F /* UserDefaults.swift in Sources */ = {isa = PBXBuildFile; fileRef = BD30520121F2580A009CE53F /* UserDefaults.swift */; };
		BD30520621F27519009CE53F /* save.json in Resources */ = {isa = PBXBuildFile; fileRef = BD30520521F27519009CE53F /* save.json */; };
		BD30522821F298B2009CE53F /* loading.json in Resources */ = {isa = PBXBuildFile; fileRef = BD30522721F298B1009CE53F /* loading.json */; };
		BD30522A21F29C25009CE53F /* like.json in Resources */ = {isa = PBXBuildFile; fileRef = BD30522921F29C25009CE53F /* like.json */; };
		BD37236E2202082D00EB4367 /* BottomViewOfSearchController.swift in Sources */ = {isa = PBXBuildFile; fileRef = BD37236D2202082D00EB4367 /* BottomViewOfSearchController.swift */; };
		BD3723722202173600EB4367 /* LocationCell.xib in Resources */ = {isa = PBXBuildFile; fileRef = BD3723712202173600EB4367 /* LocationCell.xib */; };
		BD3723742202180900EB4367 /* LocationCell.swift in Sources */ = {isa = PBXBuildFile; fileRef = BD3723732202180900EB4367 /* LocationCell.swift */; };
		BD3723772202279F00EB4367 /* PriceCell.xib in Resources */ = {isa = PBXBuildFile; fileRef = BD3723762202279F00EB4367 /* PriceCell.xib */; };
		BD37237922022BB100EB4367 /* PriceCell.swift in Sources */ = {isa = PBXBuildFile; fileRef = BD37237822022BB100EB4367 /* PriceCell.swift */; };
		BD37237B2202470E00EB4367 /* SaveCell.swift in Sources */ = {isa = PBXBuildFile; fileRef = BD37237A2202470E00EB4367 /* SaveCell.swift */; };
		BD42D23B21E3DBD7002AC477 /* Extensions.swift in Sources */ = {isa = PBXBuildFile; fileRef = BD42D23A21E3DBD7002AC477 /* Extensions.swift */; };
		BD42D23D21E3E3B5002AC477 /* BaseViewController.swift in Sources */ = {isa = PBXBuildFile; fileRef = BD42D23C21E3E3B5002AC477 /* BaseViewController.swift */; };
		BD42D24021E4028A002AC477 /* MenuViewController.swift in Sources */ = {isa = PBXBuildFile; fileRef = BD42D23F21E4028A002AC477 /* MenuViewController.swift */; };
		BD42D24321E42987002AC477 /* FilteredTableView.swift in Sources */ = {isa = PBXBuildFile; fileRef = BD42D24221E42987002AC477 /* FilteredTableView.swift */; };
		BD4D905121E022BA0036D206 /* MapPostsController.swift in Sources */ = {isa = PBXBuildFile; fileRef = BD4D905021E022BA0036D206 /* MapPostsController.swift */; };
		BD6A524721D400220094D175 /* NewPostController.swift in Sources */ = {isa = PBXBuildFile; fileRef = BD6A524621D400220094D175 /* NewPostController.swift */; };
		BD6A524C21D406A10094D175 /* CustomLabel.swift in Sources */ = {isa = PBXBuildFile; fileRef = BD6A524B21D406A10094D175 /* CustomLabel.swift */; };
		BD6A524E21D409A50094D175 /* TextViewCell.swift in Sources */ = {isa = PBXBuildFile; fileRef = BD6A524D21D409A50094D175 /* TextViewCell.swift */; };
		BD72432721FA4A5E006CEDFB /* FilterPostsController.swift in Sources */ = {isa = PBXBuildFile; fileRef = BD72432621FA4A5E006CEDFB /* FilterPostsController.swift */; };
		BD72432A21FA5614006CEDFB /* FilterPostCell.swift in Sources */ = {isa = PBXBuildFile; fileRef = BD72432921FA5614006CEDFB /* FilterPostCell.swift */; };
		BD7F2C0E21DD596A006BBC3E /* HomeControllerCell.swift in Sources */ = {isa = PBXBuildFile; fileRef = BD7F2C0D21DD596A006BBC3E /* HomeControllerCell.swift */; };
		BD7F2C1021DD5BA0006BBC3E /* CustomCollectionViewHeader.swift in Sources */ = {isa = PBXBuildFile; fileRef = BD7F2C0F21DD5BA0006BBC3E /* CustomCollectionViewHeader.swift */; };
		BD9B740021DEA72D00196DB4 /* PostDetailsController.swift in Sources */ = {isa = PBXBuildFile; fileRef = BD9B73FF21DEA72D00196DB4 /* PostDetailsController.swift */; };
		BD9B740221DECDDA00196DB4 /* PostImageCell.swift in Sources */ = {isa = PBXBuildFile; fileRef = BD9B740121DECDDA00196DB4 /* PostImageCell.swift */; };
		BDBBA22621D2AF960033A53C /* GoogleService-Info.plist in Resources */ = {isa = PBXBuildFile; fileRef = BDBBA22521D2AF960033A53C /* GoogleService-Info.plist */; };
		BDC019C721F6893B003DBB9D /* AccountCollectionViewController.swift in Sources */ = {isa = PBXBuildFile; fileRef = BDC019C621F6893B003DBB9D /* AccountCollectionViewController.swift */; };
		BDC64BD021EFB1B40002E760 /* MapSearchHelper.swift in Sources */ = {isa = PBXBuildFile; fileRef = BDC64BCF21EFB1B40002E760 /* MapSearchHelper.swift */; };
		BDDEE12521F7BFFE00254283 /* AccountSettingsCell.swift in Sources */ = {isa = PBXBuildFile; fileRef = BDDEE12421F7BFFE00254283 /* AccountSettingsCell.swift */; };
		BDF88FE621D2B9B9004277E3 /* CollectionsCell.swift in Sources */ = {isa = PBXBuildFile; fileRef = BDF88FE521D2B9B9004277E3 /* CollectionsCell.swift */; };
		BDF88FE821D2EED9004277E3 /* LoginController.swift in Sources */ = {isa = PBXBuildFile; fileRef = BDF88FE721D2EED9004277E3 /* LoginController.swift */; };
		BDF88FEA21D2F012004277E3 /* RegistrationController.swift in Sources */ = {isa = PBXBuildFile; fileRef = BDF88FE921D2F012004277E3 /* RegistrationController.swift */; };
		BDF88FED21D2F56A004277E3 /* CustomTextFiels.swift in Sources */ = {isa = PBXBuildFile; fileRef = BDF88FEC21D2F56A004277E3 /* CustomTextFiels.swift */; };
		BDF88FF121D30619004277E3 /* User.swift in Sources */ = {isa = PBXBuildFile; fileRef = BDF88FF021D30619004277E3 /* User.swift */; };
		FBAB290F56684E92400DCC42 /* Pods_Classifieds.framework in Frameworks */ = {isa = PBXBuildFile; fileRef = 1DCBA56CAD8F8E4F7FF9752A /* Pods_Classifieds.framework */; settings = {ATTRIBUTES = (Weak, ); }; };
/* End PBXBuildFile section */

/* Begin PBXFileReference section */
		0ED3886017A114BFA40E5D09 /* Pods-Classifieds.release.xcconfig */ = {isa = PBXFileReference; includeInIndex = 1; lastKnownFileType = text.xcconfig; name = "Pods-Classifieds.release.xcconfig"; path = "Pods/Target Support Files/Pods-Classifieds/Pods-Classifieds.release.xcconfig"; sourceTree = "<group>"; };
		1DCBA56CAD8F8E4F7FF9752A /* Pods_Classifieds.framework */ = {isa = PBXFileReference; explicitFileType = wrapper.framework; includeInIndex = 0; path = Pods_Classifieds.framework; sourceTree = BUILT_PRODUCTS_DIR; };
		BD05B49521F69A6500F78914 /* AccountHeader.swift */ = {isa = PBXFileReference; lastKnownFileType = sourcecode.swift; path = AccountHeader.swift; sourceTree = "<group>"; };
		BD21770F21DA89D30021890B /* TitleTextFieldCell.swift */ = {isa = PBXFileReference; lastKnownFileType = sourcecode.swift; path = TitleTextFieldCell.swift; sourceTree = "<group>"; };
		BD23388B21E520AC00C3B7D2 /* FilterTableViewCell.swift */ = {isa = PBXFileReference; lastKnownFileType = sourcecode.swift; path = FilterTableViewCell.swift; sourceTree = "<group>"; };
		BD235B5221D43E3F00B69689 /* CustomTextView.swift */ = {isa = PBXFileReference; lastKnownFileType = sourcecode.swift; path = CustomTextView.swift; sourceTree = "<group>"; };
		BD235B5421D543A300B69689 /* NewpostPriceCategoryLocationCell.swift */ = {isa = PBXFileReference; lastKnownFileType = sourcecode.swift; path = NewpostPriceCategoryLocationCell.swift; sourceTree = "<group>"; };
		BD235B5621D574D200B69689 /* ChooseCategoryController.swift */ = {isa = PBXFileReference; lastKnownFileType = sourcecode.swift; path = ChooseCategoryController.swift; sourceTree = "<group>"; };
		BD235B5821D5804800B69689 /* MapViewController.swift */ = {isa = PBXFileReference; lastKnownFileType = sourcecode.swift; path = MapViewController.swift; sourceTree = "<group>"; };
		BD235B7C21D6912C00B69689 /* Post.swift */ = {isa = PBXFileReference; lastKnownFileType = sourcecode.swift; path = Post.swift; sourceTree = "<group>"; };
		BD25630621EA9CD100647358 /* ImagesCollectionViewCell.swift */ = {isa = PBXFileReference; lastKnownFileType = sourcecode.swift; path = ImagesCollectionViewCell.swift; sourceTree = "<group>"; };
		BD25630821EAAAC100647358 /* TitleForPostDetailCell.swift */ = {isa = PBXFileReference; lastKnownFileType = sourcecode.swift; path = TitleForPostDetailCell.swift; sourceTree = "<group>"; };
		BD25630A21EAB76E00647358 /* SellerDetailsCell.swift */ = {isa = PBXFileReference; lastKnownFileType = sourcecode.swift; path = SellerDetailsCell.swift; sourceTree = "<group>"; };
		BD25630C21EAC03300647358 /* PostDescriptionDetailsCell.swift */ = {isa = PBXFileReference; lastKnownFileType = sourcecode.swift; path = PostDescriptionDetailsCell.swift; sourceTree = "<group>"; };
		BD25630E21EAC27700647358 /* MapViewCell.swift */ = {isa = PBXFileReference; lastKnownFileType = sourcecode.swift; path = MapViewCell.swift; sourceTree = "<group>"; };
		BD25631021EAC70800647358 /* OtherPostsFromSellerCell.swift */ = {isa = PBXFileReference; lastKnownFileType = sourcecode.swift; path = OtherPostsFromSellerCell.swift; sourceTree = "<group>"; };
		BD25631321EBD40E00647358 /* PriceLabelCell.swift */ = {isa = PBXFileReference; lastKnownFileType = sourcecode.swift; path = PriceLabelCell.swift; sourceTree = "<group>"; };
		BD25631821EC02AF00647358 /* MessageCell.swift */ = {isa = PBXFileReference; lastKnownFileType = sourcecode.swift; path = MessageCell.swift; sourceTree = "<group>"; };
		BD25631C21ED3DC900647358 /* SearchFilterController.swift */ = {isa = PBXFileReference; lastKnownFileType = sourcecode.swift; path = SearchFilterController.swift; sourceTree = "<group>"; };
		BD26C18421E67E45003FFDDD /* NewMessageController.swift */ = {isa = PBXFileReference; lastKnownFileType = sourcecode.swift; path = NewMessageController.swift; sourceTree = "<group>"; };
		BD26C18921E68C10003FFDDD /* Message.swift */ = {isa = PBXFileReference; lastKnownFileType = sourcecode.swift; path = Message.swift; sourceTree = "<group>"; };
		BD26C18B21E7C332003FFDDD /* MessagesTableController.swift */ = {isa = PBXFileReference; lastKnownFileType = sourcecode.swift; path = MessagesTableController.swift; sourceTree = "<group>"; };
		BD26C18D21E7EEE0003FFDDD /* MessagesControllerCell.swift */ = {isa = PBXFileReference; lastKnownFileType = sourcecode.swift; path = MessagesControllerCell.swift; sourceTree = "<group>"; };
		BD294DFC21D1A18C00976663 /* Classifieds.app */ = {isa = PBXFileReference; explicitFileType = wrapper.application; includeInIndex = 0; path = Classifieds.app; sourceTree = BUILT_PRODUCTS_DIR; };
		BD294DFF21D1A18C00976663 /* AppDelegate.swift */ = {isa = PBXFileReference; lastKnownFileType = sourcecode.swift; path = AppDelegate.swift; sourceTree = "<group>"; };
		BD294E0121D1A18C00976663 /* TabBarController.swift */ = {isa = PBXFileReference; lastKnownFileType = sourcecode.swift; path = TabBarController.swift; sourceTree = "<group>"; };
		BD294E0421D1A18C00976663 /* Base */ = {isa = PBXFileReference; lastKnownFileType = file.storyboard; name = Base; path = Base.lproj/Main.storyboard; sourceTree = "<group>"; };
		BD294E0621D1A18E00976663 /* Assets.xcassets */ = {isa = PBXFileReference; lastKnownFileType = folder.assetcatalog; path = Assets.xcassets; sourceTree = "<group>"; };
		BD294E0921D1A18E00976663 /* Base */ = {isa = PBXFileReference; lastKnownFileType = file.storyboard; name = Base; path = Base.lproj/LaunchScreen.storyboard; sourceTree = "<group>"; };
		BD294E0B21D1A18E00976663 /* Info.plist */ = {isa = PBXFileReference; lastKnownFileType = text.plist.xml; path = Info.plist; sourceTree = "<group>"; };
		BD294E1121D1A59100976663 /* HomeController.swift */ = {isa = PBXFileReference; lastKnownFileType = sourcecode.swift; path = HomeController.swift; sourceTree = "<group>"; };
		BD294E1321D1A94D00976663 /* SearchController.swift */ = {isa = PBXFileReference; lastKnownFileType = sourcecode.swift; path = SearchController.swift; sourceTree = "<group>"; };
		BD294E1521D1ACD000976663 /* FavoritesController.swift */ = {isa = PBXFileReference; lastKnownFileType = sourcecode.swift; path = FavoritesController.swift; sourceTree = "<group>"; };
		BD294E1721D1AFD100976663 /* ColletionsViewController.swift */ = {isa = PBXFileReference; lastKnownFileType = sourcecode.swift; path = ColletionsViewController.swift; sourceTree = "<group>"; };
		BD294E1B21D1B60700976663 /* HomeHeader.swift */ = {isa = PBXFileReference; lastKnownFileType = sourcecode.swift; path = HomeHeader.swift; sourceTree = "<group>"; };
		BD294E1D21D1D30200976663 /* CategoryCell.swift */ = {isa = PBXFileReference; lastKnownFileType = sourcecode.swift; path = CategoryCell.swift; sourceTree = "<group>"; };
		BD294E2021D1F29500976663 /* CategoryModel.swift */ = {isa = PBXFileReference; lastKnownFileType = sourcecode.swift; path = CategoryModel.swift; sourceTree = "<group>"; };
		BD30520121F2580A009CE53F /* UserDefaults.swift */ = {isa = PBXFileReference; lastKnownFileType = sourcecode.swift; path = UserDefaults.swift; sourceTree = "<group>"; };
		BD30520521F27519009CE53F /* save.json */ = {isa = PBXFileReference; fileEncoding = 4; lastKnownFileType = text.json; path = save.json; sourceTree = "<group>"; };
		BD30522721F298B1009CE53F /* loading.json */ = {isa = PBXFileReference; fileEncoding = 4; lastKnownFileType = text.json; path = loading.json; sourceTree = "<group>"; };
		BD30522921F29C25009CE53F /* like.json */ = {isa = PBXFileReference; fileEncoding = 4; lastKnownFileType = text.json; path = like.json; sourceTree = "<group>"; };
		BD37236D2202082D00EB4367 /* BottomViewOfSearchController.swift */ = {isa = PBXFileReference; lastKnownFileType = sourcecode.swift; path = BottomViewOfSearchController.swift; sourceTree = "<group>"; };
		BD3723712202173600EB4367 /* LocationCell.xib */ = {isa = PBXFileReference; lastKnownFileType = file.xib; path = LocationCell.xib; sourceTree = "<group>"; };
		BD3723732202180900EB4367 /* LocationCell.swift */ = {isa = PBXFileReference; lastKnownFileType = sourcecode.swift; path = LocationCell.swift; sourceTree = "<group>"; };
		BD3723762202279F00EB4367 /* PriceCell.xib */ = {isa = PBXFileReference; lastKnownFileType = file.xib; path = PriceCell.xib; sourceTree = "<group>"; };
		BD37237822022BB100EB4367 /* PriceCell.swift */ = {isa = PBXFileReference; lastKnownFileType = sourcecode.swift; path = PriceCell.swift; sourceTree = "<group>"; };
		BD37237A2202470E00EB4367 /* SaveCell.swift */ = {isa = PBXFileReference; lastKnownFileType = sourcecode.swift; path = SaveCell.swift; sourceTree = "<group>"; };
		BD42D23A21E3DBD7002AC477 /* Extensions.swift */ = {isa = PBXFileReference; lastKnownFileType = sourcecode.swift; path = Extensions.swift; sourceTree = "<group>"; };
		BD42D23C21E3E3B5002AC477 /* BaseViewController.swift */ = {isa = PBXFileReference; lastKnownFileType = sourcecode.swift; path = BaseViewController.swift; sourceTree = "<group>"; };
		BD42D23F21E4028A002AC477 /* MenuViewController.swift */ = {isa = PBXFileReference; lastKnownFileType = sourcecode.swift; path = MenuViewController.swift; sourceTree = "<group>"; };
		BD42D24221E42987002AC477 /* FilteredTableView.swift */ = {isa = PBXFileReference; lastKnownFileType = sourcecode.swift; path = FilteredTableView.swift; sourceTree = "<group>"; };
		BD4D905021E022BA0036D206 /* MapPostsController.swift */ = {isa = PBXFileReference; lastKnownFileType = sourcecode.swift; path = MapPostsController.swift; sourceTree = "<group>"; };
		BD6A524621D400220094D175 /* NewPostController.swift */ = {isa = PBXFileReference; lastKnownFileType = sourcecode.swift; path = NewPostController.swift; sourceTree = "<group>"; };
		BD6A524B21D406A10094D175 /* CustomLabel.swift */ = {isa = PBXFileReference; lastKnownFileType = sourcecode.swift; path = CustomLabel.swift; sourceTree = "<group>"; };
		BD6A524D21D409A50094D175 /* TextViewCell.swift */ = {isa = PBXFileReference; lastKnownFileType = sourcecode.swift; path = TextViewCell.swift; sourceTree = "<group>"; };
		BD72432621FA4A5E006CEDFB /* FilterPostsController.swift */ = {isa = PBXFileReference; lastKnownFileType = sourcecode.swift; path = FilterPostsController.swift; sourceTree = "<group>"; };
		BD72432921FA5614006CEDFB /* FilterPostCell.swift */ = {isa = PBXFileReference; lastKnownFileType = sourcecode.swift; path = FilterPostCell.swift; sourceTree = "<group>"; };
		BD7F2C0D21DD596A006BBC3E /* HomeControllerCell.swift */ = {isa = PBXFileReference; lastKnownFileType = sourcecode.swift; path = HomeControllerCell.swift; sourceTree = "<group>"; };
		BD7F2C0F21DD5BA0006BBC3E /* CustomCollectionViewHeader.swift */ = {isa = PBXFileReference; lastKnownFileType = sourcecode.swift; path = CustomCollectionViewHeader.swift; sourceTree = "<group>"; };
		BD9B73FF21DEA72D00196DB4 /* PostDetailsController.swift */ = {isa = PBXFileReference; lastKnownFileType = sourcecode.swift; path = PostDetailsController.swift; sourceTree = "<group>"; };
		BD9B740121DECDDA00196DB4 /* PostImageCell.swift */ = {isa = PBXFileReference; lastKnownFileType = sourcecode.swift; path = PostImageCell.swift; sourceTree = "<group>"; };
		BDBBA22521D2AF960033A53C /* GoogleService-Info.plist */ = {isa = PBXFileReference; fileEncoding = 4; lastKnownFileType = text.plist.xml; path = "GoogleService-Info.plist"; sourceTree = "<group>"; };
		BDC019C621F6893B003DBB9D /* AccountCollectionViewController.swift */ = {isa = PBXFileReference; lastKnownFileType = sourcecode.swift; path = AccountCollectionViewController.swift; sourceTree = "<group>"; };
		BDC64BCF21EFB1B40002E760 /* MapSearchHelper.swift */ = {isa = PBXFileReference; lastKnownFileType = sourcecode.swift; path = MapSearchHelper.swift; sourceTree = "<group>"; };
		BDDEE12421F7BFFE00254283 /* AccountSettingsCell.swift */ = {isa = PBXFileReference; lastKnownFileType = sourcecode.swift; path = AccountSettingsCell.swift; sourceTree = "<group>"; };
		BDF88FE521D2B9B9004277E3 /* CollectionsCell.swift */ = {isa = PBXFileReference; lastKnownFileType = sourcecode.swift; path = CollectionsCell.swift; sourceTree = "<group>"; };
		BDF88FE721D2EED9004277E3 /* LoginController.swift */ = {isa = PBXFileReference; lastKnownFileType = sourcecode.swift; path = LoginController.swift; sourceTree = "<group>"; };
		BDF88FE921D2F012004277E3 /* RegistrationController.swift */ = {isa = PBXFileReference; lastKnownFileType = sourcecode.swift; path = RegistrationController.swift; sourceTree = "<group>"; };
		BDF88FEC21D2F56A004277E3 /* CustomTextFiels.swift */ = {isa = PBXFileReference; lastKnownFileType = sourcecode.swift; path = CustomTextFiels.swift; sourceTree = "<group>"; };
		BDF88FF021D30619004277E3 /* User.swift */ = {isa = PBXFileReference; lastKnownFileType = sourcecode.swift; path = User.swift; sourceTree = "<group>"; };
		D021F81A81BF00076615E562 /* Pods-Classifieds.debug.xcconfig */ = {isa = PBXFileReference; includeInIndex = 1; lastKnownFileType = text.xcconfig; name = "Pods-Classifieds.debug.xcconfig"; path = "Pods/Target Support Files/Pods-Classifieds/Pods-Classifieds.debug.xcconfig"; sourceTree = "<group>"; };
/* End PBXFileReference section */

/* Begin PBXFrameworksBuildPhase section */
		BD294DF921D1A18C00976663 /* Frameworks */ = {
			isa = PBXFrameworksBuildPhase;
			buildActionMask = 2147483647;
			files = (
				FBAB290F56684E92400DCC42 /* Pods_Classifieds.framework in Frameworks */,
			);
			runOnlyForDeploymentPostprocessing = 0;
		};
/* End PBXFrameworksBuildPhase section */

/* Begin PBXGroup section */
		7DA34AA9560BB1053BFE35AD /* Frameworks */ = {
			isa = PBXGroup;
			children = (
				1DCBA56CAD8F8E4F7FF9752A /* Pods_Classifieds.framework */,
			);
			name = Frameworks;
			sourceTree = "<group>";
		};
		BD25630521EA9BED00647358 /* Post Details  */ = {
			isa = PBXGroup;
			children = (
				BD9B73FF21DEA72D00196DB4 /* PostDetailsController.swift */,
				BD25630621EA9CD100647358 /* ImagesCollectionViewCell.swift */,
				BD9B740121DECDDA00196DB4 /* PostImageCell.swift */,
				BD25630821EAAAC100647358 /* TitleForPostDetailCell.swift */,
				BD25631321EBD40E00647358 /* PriceLabelCell.swift */,
				BD25630A21EAB76E00647358 /* SellerDetailsCell.swift */,
				BD25630C21EAC03300647358 /* PostDescriptionDetailsCell.swift */,
				BD25630E21EAC27700647358 /* MapViewCell.swift */,
				BD25631021EAC70800647358 /* OtherPostsFromSellerCell.swift */,
			);
			path = "Post Details ";
			sourceTree = "<group>";
		};
		BD25631521EC007900647358 /* Favorites */ = {
			isa = PBXGroup;
			children = (
				BD294E1521D1ACD000976663 /* FavoritesController.swift */,
			);
			path = Favorites;
			sourceTree = "<group>";
		};
		BD25631621EC009600647358 /* Search */ = {
			isa = PBXGroup;
			children = (
				BD294E1321D1A94D00976663 /* SearchController.swift */,
				BD372375220220D600EB4367 /* BottomViewController */,
				BD25631C21ED3DC900647358 /* SearchFilterController.swift */,
				BD42D24221E42987002AC477 /* FilteredTableView.swift */,
				BD23388B21E520AC00C3B7D2 /* FilterTableViewCell.swift */,
			);
			path = Search;
			sourceTree = "<group>";
		};
		BD25631721EC00B200647358 /* Home */ = {
			isa = PBXGroup;
			children = (
				BD294E1121D1A59100976663 /* HomeController.swift */,
				BD7F2C0D21DD596A006BBC3E /* HomeControllerCell.swift */,
				BD4D905021E022BA0036D206 /* MapPostsController.swift */,
				BD72432821FA5511006CEDFB /* FilterByCategory */,
				BDC019C521F68913003DBB9D /* Settings */,
				BD25630521EA9BED00647358 /* Post Details  */,
			);
			path = Home;
			sourceTree = "<group>";
		};
		BD26C18621E68A39003FFDDD /* Messaging */ = {
			isa = PBXGroup;
			children = (
				BD26C18421E67E45003FFDDD /* NewMessageController.swift */,
				BD25631821EC02AF00647358 /* MessageCell.swift */,
				BD26C18B21E7C332003FFDDD /* MessagesTableController.swift */,
				BD26C18D21E7EEE0003FFDDD /* MessagesControllerCell.swift */,
			);
			path = Messaging;
			sourceTree = "<group>";
		};
		BD294DF321D1A18C00976663 = {
			isa = PBXGroup;
			children = (
				BD294DFE21D1A18C00976663 /* Classifieds */,
				BD294DFD21D1A18C00976663 /* Products */,
				D8B886A0B01B9F9E9BE62573 /* Pods */,
				7DA34AA9560BB1053BFE35AD /* Frameworks */,
			);
			sourceTree = "<group>";
		};
		BD294DFD21D1A18C00976663 /* Products */ = {
			isa = PBXGroup;
			children = (
				BD294DFC21D1A18C00976663 /* Classifieds.app */,
			);
			name = Products;
			sourceTree = "<group>";
		};
		BD294DFE21D1A18C00976663 /* Classifieds */ = {
			isa = PBXGroup;
			children = (
				BD294DFF21D1A18C00976663 /* AppDelegate.swift */,
				BD294E0121D1A18C00976663 /* TabBarController.swift */,
				BD294E1F21D1F27B00976663 /* Model */,
				BD294E1A21D1B5EB00976663 /* View */,
				BD294E1921D1B0F800976663 /* Controller */,
				BDF88FEB21D2F557004277E3 /* Utilities */,
				BD294E0321D1A18C00976663 /* Main.storyboard */,
				BD294E0621D1A18E00976663 /* Assets.xcassets */,
				BD30522921F29C25009CE53F /* like.json */,
				BD30522721F298B1009CE53F /* loading.json */,
				BD30520521F27519009CE53F /* save.json */,
				BD294E0821D1A18E00976663 /* LaunchScreen.storyboard */,
				BD294E0B21D1A18E00976663 /* Info.plist */,
				BDBBA22521D2AF960033A53C /* GoogleService-Info.plist */,
			);
			path = Classifieds;
			sourceTree = "<group>";
		};
		BD294E1921D1B0F800976663 /* Controller */ = {
			isa = PBXGroup;
			children = (
				BDF88FE921D2F012004277E3 /* RegistrationController.swift */,
				BDF88FE721D2EED9004277E3 /* LoginController.swift */,
				BD25631721EC00B200647358 /* Home */,
				BD25631621EC009600647358 /* Search */,
				BD6A524821D4020B0094D175 /* NewPost */,
				BD25631521EC007900647358 /* Favorites */,
				BD26C18621E68A39003FFDDD /* Messaging */,
				BD7F2C0C21DD594D006BBC3E /* HomeController */,
				BD42D24121E4291E002AC477 /* Collections */,
			);
			path = Controller;
			sourceTree = "<group>";
		};
		BD294E1A21D1B5EB00976663 /* View */ = {
			isa = PBXGroup;
			children = (
				BD294E1B21D1B60700976663 /* HomeHeader.swift */,
				BD294E1D21D1D30200976663 /* CategoryCell.swift */,
				BD7F2C0F21DD5BA0006BBC3E /* CustomCollectionViewHeader.swift */,
			);
			path = View;
			sourceTree = "<group>";
		};
		BD294E1F21D1F27B00976663 /* Model */ = {
			isa = PBXGroup;
			children = (
				BD294E2021D1F29500976663 /* CategoryModel.swift */,
				BDF88FF021D30619004277E3 /* User.swift */,
				BD235B7C21D6912C00B69689 /* Post.swift */,
				BD26C18921E68C10003FFDDD /* Message.swift */,
			);
			path = Model;
			sourceTree = "<group>";
		};
		BD372375220220D600EB4367 /* BottomViewController */ = {
			isa = PBXGroup;
			children = (
				BD37236D2202082D00EB4367 /* BottomViewOfSearchController.swift */,
				BD3723732202180900EB4367 /* LocationCell.swift */,
				BD3723712202173600EB4367 /* LocationCell.xib */,
				BD37237822022BB100EB4367 /* PriceCell.swift */,
				BD3723762202279F00EB4367 /* PriceCell.xib */,
				BD37237A2202470E00EB4367 /* SaveCell.swift */,
			);
			path = BottomViewController;
			sourceTree = "<group>";
		};
		BD42D23E21E3E3BE002AC477 /* Menucontroller */ = {
			isa = PBXGroup;
			children = (
				BD42D23C21E3E3B5002AC477 /* BaseViewController.swift */,
				BD42D23F21E4028A002AC477 /* MenuViewController.swift */,
			);
			path = Menucontroller;
			sourceTree = "<group>";
		};
		BD42D24121E4291E002AC477 /* Collections */ = {
			isa = PBXGroup;
			children = (
				BD294E1721D1AFD100976663 /* ColletionsViewController.swift */,
				BDF88FE521D2B9B9004277E3 /* CollectionsCell.swift */,
			);
			path = Collections;
			sourceTree = "<group>";
		};
		BD6A524821D4020B0094D175 /* NewPost */ = {
			isa = PBXGroup;
			children = (
				BD6A524621D400220094D175 /* NewPostController.swift */,
				BD21770F21DA89D30021890B /* TitleTextFieldCell.swift */,
				BD6A524D21D409A50094D175 /* TextViewCell.swift */,
				BD235B5421D543A300B69689 /* NewpostPriceCategoryLocationCell.swift */,
				BD235B5621D574D200B69689 /* ChooseCategoryController.swift */,
				BD235B5821D5804800B69689 /* MapViewController.swift */,
			);
			path = NewPost;
			sourceTree = "<group>";
		};
		BD72432821FA5511006CEDFB /* FilterByCategory */ = {
			isa = PBXGroup;
			children = (
				BD72432621FA4A5E006CEDFB /* FilterPostsController.swift */,
				BD72432921FA5614006CEDFB /* FilterPostCell.swift */,
			);
			path = FilterByCategory;
			sourceTree = "<group>";
		};
		BD7F2C0C21DD594D006BBC3E /* HomeController */ = {
			isa = PBXGroup;
			children = (
				BD42D23E21E3E3BE002AC477 /* Menucontroller */,
			);
			path = HomeController;
			sourceTree = "<group>";
		};
		BDC019C521F68913003DBB9D /* Settings */ = {
			isa = PBXGroup;
			children = (
				BDC019C621F6893B003DBB9D /* AccountCollectionViewController.swift */,
				BD05B49521F69A6500F78914 /* AccountHeader.swift */,
				BDDEE12421F7BFFE00254283 /* AccountSettingsCell.swift */,
			);
			path = Settings;
			sourceTree = "<group>";
		};
		BDF88FEB21D2F557004277E3 /* Utilities */ = {
			isa = PBXGroup;
			children = (
				BDF88FEC21D2F56A004277E3 /* CustomTextFiels.swift */,
				BD6A524B21D406A10094D175 /* CustomLabel.swift */,
				BD235B5221D43E3F00B69689 /* CustomTextView.swift */,
				BD42D23A21E3DBD7002AC477 /* Extensions.swift */,
				BDC64BCF21EFB1B40002E760 /* MapSearchHelper.swift */,
				BD30520121F2580A009CE53F /* UserDefaults.swift */,
			);
			path = Utilities;
			sourceTree = "<group>";
		};
		D8B886A0B01B9F9E9BE62573 /* Pods */ = {
			isa = PBXGroup;
			children = (
				D021F81A81BF00076615E562 /* Pods-Classifieds.debug.xcconfig */,
				0ED3886017A114BFA40E5D09 /* Pods-Classifieds.release.xcconfig */,
			);
			name = Pods;
			sourceTree = "<group>";
		};
/* End PBXGroup section */

/* Begin PBXNativeTarget section */
		BD294DFB21D1A18C00976663 /* Classifieds */ = {
			isa = PBXNativeTarget;
			buildConfigurationList = BD294E0E21D1A18E00976663 /* Build configuration list for PBXNativeTarget "Classifieds" */;
			buildPhases = (
				F111CA47C920CF457C8AE808 /* [CP] Check Pods Manifest.lock */,
				BD294DF821D1A18C00976663 /* Sources */,
				BD294DF921D1A18C00976663 /* Frameworks */,
				BD294DFA21D1A18C00976663 /* Resources */,
				4910600DA5F891EADFE779BE /* [CP] Embed Pods Frameworks */,
			);
			buildRules = (
			);
			dependencies = (
			);
			name = Classifieds;
			productName = Classifieds;
			productReference = BD294DFC21D1A18C00976663 /* Classifieds.app */;
			productType = "com.apple.product-type.application";
		};
/* End PBXNativeTarget section */

/* Begin PBXProject section */
		BD294DF421D1A18C00976663 /* Project object */ = {
			isa = PBXProject;
			attributes = {
				LastSwiftUpdateCheck = 1010;
				LastUpgradeCheck = 1010;
				ORGANIZATIONNAME = "Viswa Kodela";
				TargetAttributes = {
					BD294DFB21D1A18C00976663 = {
						CreatedOnToolsVersion = 10.1;
						SystemCapabilities = {
							com.apple.BackgroundModes = {
								enabled = 0;
							};
						};
					};
				};
			};
			buildConfigurationList = BD294DF721D1A18C00976663 /* Build configuration list for PBXProject "Classifieds" */;
			compatibilityVersion = "Xcode 9.3";
			developmentRegion = en;
			hasScannedForEncodings = 0;
			knownRegions = (
				en,
				Base,
			);
			mainGroup = BD294DF321D1A18C00976663;
			productRefGroup = BD294DFD21D1A18C00976663 /* Products */;
			projectDirPath = "";
			projectRoot = "";
			targets = (
				BD294DFB21D1A18C00976663 /* Classifieds */,
			);
		};
/* End PBXProject section */

/* Begin PBXResourcesBuildPhase section */
		BD294DFA21D1A18C00976663 /* Resources */ = {
			isa = PBXResourcesBuildPhase;
			buildActionMask = 2147483647;
			files = (
				BD294E0A21D1A18E00976663 /* LaunchScreen.storyboard in Resources */,
				BD3723722202173600EB4367 /* LocationCell.xib in Resources */,
				BD3723772202279F00EB4367 /* PriceCell.xib in Resources */,
				BD30522A21F29C25009CE53F /* like.json in Resources */,
				BD30520621F27519009CE53F /* save.json in Resources */,
				BD30522821F298B2009CE53F /* loading.json in Resources */,
				BDBBA22621D2AF960033A53C /* GoogleService-Info.plist in Resources */,
				BD294E0721D1A18E00976663 /* Assets.xcassets in Resources */,
				BD294E0521D1A18C00976663 /* Main.storyboard in Resources */,
			);
			runOnlyForDeploymentPostprocessing = 0;
		};
/* End PBXResourcesBuildPhase section */

/* Begin PBXShellScriptBuildPhase section */
		4910600DA5F891EADFE779BE /* [CP] Embed Pods Frameworks */ = {
			isa = PBXShellScriptBuildPhase;
			buildActionMask = 2147483647;
			files = (
			);
			inputPaths = (
				"${SRCROOT}/Pods/Target Support Files/Pods-Classifieds/Pods-Classifieds-frameworks.sh",
				"${BUILT_PRODUCTS_DIR}/BSGridCollectionViewLayout/BSGridCollectionViewLayout.framework",
				"${BUILT_PRODUCTS_DIR}/BSImagePicker/BSImagePicker.framework",
				"${BUILT_PRODUCTS_DIR}/BSImageView/BSImageView.framework",
				"${BUILT_PRODUCTS_DIR}/BoringSSL/openssl.framework",
				"${BUILT_PRODUCTS_DIR}/GTMSessionFetcher/GTMSessionFetcher.framework",
				"${BUILT_PRODUCTS_DIR}/GoogleUtilities/GoogleUtilities.framework",
				"${BUILT_PRODUCTS_DIR}/JGProgressHUD/JGProgressHUD.framework",
				"${BUILT_PRODUCTS_DIR}/Protobuf/Protobuf.framework",
				"${BUILT_PRODUCTS_DIR}/SDWebImage/SDWebImage.framework",
				"${BUILT_PRODUCTS_DIR}/YNDropDownMenu/YNDropDownMenu.framework",
				"${BUILT_PRODUCTS_DIR}/gRPC/GRPCClient.framework",
				"${BUILT_PRODUCTS_DIR}/gRPC-C++/grpcpp.framework",
				"${BUILT_PRODUCTS_DIR}/gRPC-Core/grpc.framework",
				"${BUILT_PRODUCTS_DIR}/gRPC-ProtoRPC/ProtoRPC.framework",
				"${BUILT_PRODUCTS_DIR}/gRPC-RxLibrary/RxLibrary.framework",
				"${BUILT_PRODUCTS_DIR}/leveldb-library/leveldb.framework",
				"${BUILT_PRODUCTS_DIR}/nanopb/nanopb.framework",
			);
			name = "[CP] Embed Pods Frameworks";
			outputPaths = (
				"${TARGET_BUILD_DIR}/${FRAMEWORKS_FOLDER_PATH}/BSGridCollectionViewLayout.framework",
				"${TARGET_BUILD_DIR}/${FRAMEWORKS_FOLDER_PATH}/BSImagePicker.framework",
				"${TARGET_BUILD_DIR}/${FRAMEWORKS_FOLDER_PATH}/BSImageView.framework",
				"${TARGET_BUILD_DIR}/${FRAMEWORKS_FOLDER_PATH}/openssl.framework",
				"${TARGET_BUILD_DIR}/${FRAMEWORKS_FOLDER_PATH}/GTMSessionFetcher.framework",
				"${TARGET_BUILD_DIR}/${FRAMEWORKS_FOLDER_PATH}/GoogleUtilities.framework",
				"${TARGET_BUILD_DIR}/${FRAMEWORKS_FOLDER_PATH}/JGProgressHUD.framework",
				"${TARGET_BUILD_DIR}/${FRAMEWORKS_FOLDER_PATH}/Protobuf.framework",
				"${TARGET_BUILD_DIR}/${FRAMEWORKS_FOLDER_PATH}/SDWebImage.framework",
				"${TARGET_BUILD_DIR}/${FRAMEWORKS_FOLDER_PATH}/YNDropDownMenu.framework",
				"${TARGET_BUILD_DIR}/${FRAMEWORKS_FOLDER_PATH}/GRPCClient.framework",
				"${TARGET_BUILD_DIR}/${FRAMEWORKS_FOLDER_PATH}/grpcpp.framework",
				"${TARGET_BUILD_DIR}/${FRAMEWORKS_FOLDER_PATH}/grpc.framework",
				"${TARGET_BUILD_DIR}/${FRAMEWORKS_FOLDER_PATH}/ProtoRPC.framework",
				"${TARGET_BUILD_DIR}/${FRAMEWORKS_FOLDER_PATH}/RxLibrary.framework",
				"${TARGET_BUILD_DIR}/${FRAMEWORKS_FOLDER_PATH}/leveldb.framework",
				"${TARGET_BUILD_DIR}/${FRAMEWORKS_FOLDER_PATH}/nanopb.framework",
			);
			runOnlyForDeploymentPostprocessing = 0;
			shellPath = /bin/sh;
			shellScript = "\"${SRCROOT}/Pods/Target Support Files/Pods-Classifieds/Pods-Classifieds-frameworks.sh\"\n";
			showEnvVarsInLog = 0;
		};
		F111CA47C920CF457C8AE808 /* [CP] Check Pods Manifest.lock */ = {
			isa = PBXShellScriptBuildPhase;
			buildActionMask = 2147483647;
			files = (
			);
			inputPaths = (
				"${PODS_PODFILE_DIR_PATH}/Podfile.lock",
				"${PODS_ROOT}/Manifest.lock",
			);
			name = "[CP] Check Pods Manifest.lock";
			outputPaths = (
				"$(DERIVED_FILE_DIR)/Pods-Classifieds-checkManifestLockResult.txt",
			);
			runOnlyForDeploymentPostprocessing = 0;
			shellPath = /bin/sh;
			shellScript = "diff \"${PODS_PODFILE_DIR_PATH}/Podfile.lock\" \"${PODS_ROOT}/Manifest.lock\" > /dev/null\nif [ $? != 0 ] ; then\n    # print error to STDERR\n    echo \"error: The sandbox is not in sync with the Podfile.lock. Run 'pod install' or update your CocoaPods installation.\" >&2\n    exit 1\nfi\n# This output is used by Xcode 'outputs' to avoid re-running this script phase.\necho \"SUCCESS\" > \"${SCRIPT_OUTPUT_FILE_0}\"\n";
			showEnvVarsInLog = 0;
		};
/* End PBXShellScriptBuildPhase section */

/* Begin PBXSourcesBuildPhase section */
		BD294DF821D1A18C00976663 /* Sources */ = {
			isa = PBXSourcesBuildPhase;
			buildActionMask = 2147483647;
			files = (
				BDF88FE821D2EED9004277E3 /* LoginController.swift in Sources */,
				BD235B7D21D6912C00B69689 /* Post.swift in Sources */,
				BDC64BD021EFB1B40002E760 /* MapSearchHelper.swift in Sources */,
				BD294E0221D1A18C00976663 /* TabBarController.swift in Sources */,
				BD05B49621F69A6500F78914 /* AccountHeader.swift in Sources */,
				BD235B5321D43E3F00B69689 /* CustomTextView.swift in Sources */,
				BD294E1621D1ACD000976663 /* FavoritesController.swift in Sources */,
				BD30520221F2580A009CE53F /* UserDefaults.swift in Sources */,
				BD235B5721D574D200B69689 /* ChooseCategoryController.swift in Sources */,
				BD72432721FA4A5E006CEDFB /* FilterPostsController.swift in Sources */,
				BD25630721EA9CD100647358 /* ImagesCollectionViewCell.swift in Sources */,
				BD294E1821D1AFD100976663 /* ColletionsViewController.swift in Sources */,
				BDF88FED21D2F56A004277E3 /* CustomTextFiels.swift in Sources */,
				BD25630D21EAC03300647358 /* PostDescriptionDetailsCell.swift in Sources */,
				BDDEE12521F7BFFE00254283 /* AccountSettingsCell.swift in Sources */,
				BD7F2C0E21DD596A006BBC3E /* HomeControllerCell.swift in Sources */,
				BD26C18A21E68C10003FFDDD /* Message.swift in Sources */,
				BD23388C21E520AC00C3B7D2 /* FilterTableViewCell.swift in Sources */,
				BD72432A21FA5614006CEDFB /* FilterPostCell.swift in Sources */,
				BD7F2C1021DD5BA0006BBC3E /* CustomCollectionViewHeader.swift in Sources */,
				BD25630921EAAAC100647358 /* TitleForPostDetailCell.swift in Sources */,
				BD37237B2202470E00EB4367 /* SaveCell.swift in Sources */,
				BD26C18C21E7C332003FFDDD /* MessagesTableController.swift in Sources */,
				BD6A524C21D406A10094D175 /* CustomLabel.swift in Sources */,
				BD25631921EC02AF00647358 /* MessageCell.swift in Sources */,
				BD42D24021E4028A002AC477 /* MenuViewController.swift in Sources */,
				BD25631421EBD40E00647358 /* PriceLabelCell.swift in Sources */,
				BD4D905121E022BA0036D206 /* MapPostsController.swift in Sources */,
				BDF88FE621D2B9B9004277E3 /* CollectionsCell.swift in Sources */,
				BD6A524E21D409A50094D175 /* TextViewCell.swift in Sources */,
				BD37237922022BB100EB4367 /* PriceCell.swift in Sources */,
				BDC019C721F6893B003DBB9D /* AccountCollectionViewController.swift in Sources */,
				BD235B5521D543A300B69689 /* NewpostPriceCategoryLocationCell.swift in Sources */,
				BD37236E2202082D00EB4367 /* BottomViewOfSearchController.swift in Sources */,
				BD42D23D21E3E3B5002AC477 /* BaseViewController.swift in Sources */,
				BD26C18521E67E45003FFDDD /* NewMessageController.swift in Sources */,
				BD25630B21EAB76E00647358 /* SellerDetailsCell.swift in Sources */,
				BD9B740021DEA72D00196DB4 /* PostDetailsController.swift in Sources */,
				BDF88FF121D30619004277E3 /* User.swift in Sources */,
				BD21771021DA89D30021890B /* TitleTextFieldCell.swift in Sources */,
				BD294E1E21D1D30200976663 /* CategoryCell.swift in Sources */,
				BD235B5921D5804800B69689 /* MapViewController.swift in Sources */,
				BD42D24321E42987002AC477 /* FilteredTableView.swift in Sources */,
				BD25630F21EAC27700647358 /* MapViewCell.swift in Sources */,
				BD6A524721D400220094D175 /* NewPostController.swift in Sources */,
				BD294E0021D1A18C00976663 /* AppDelegate.swift in Sources */,
				BD3723742202180900EB4367 /* LocationCell.swift in Sources */,
				BD294E1C21D1B60700976663 /* HomeHeader.swift in Sources */,
				BD294E1221D1A59100976663 /* HomeController.swift in Sources */,
				BD26C18E21E7EEE0003FFDDD /* MessagesControllerCell.swift in Sources */,
				BD42D23B21E3DBD7002AC477 /* Extensions.swift in Sources */,
				BD294E2121D1F29500976663 /* CategoryModel.swift in Sources */,
				BD25631D21ED3DC900647358 /* SearchFilterController.swift in Sources */,
				BDF88FEA21D2F012004277E3 /* RegistrationController.swift in Sources */,
				BD294E1421D1A94D00976663 /* SearchController.swift in Sources */,
				BD9B740221DECDDA00196DB4 /* PostImageCell.swift in Sources */,
				BD25631121EAC70800647358 /* OtherPostsFromSellerCell.swift in Sources */,
			);
			runOnlyForDeploymentPostprocessing = 0;
		};
/* End PBXSourcesBuildPhase section */

/* Begin PBXVariantGroup section */
		BD294E0321D1A18C00976663 /* Main.storyboard */ = {
			isa = PBXVariantGroup;
			children = (
				BD294E0421D1A18C00976663 /* Base */,
			);
			name = Main.storyboard;
			sourceTree = "<group>";
		};
		BD294E0821D1A18E00976663 /* LaunchScreen.storyboard */ = {
			isa = PBXVariantGroup;
			children = (
				BD294E0921D1A18E00976663 /* Base */,
			);
			name = LaunchScreen.storyboard;
			sourceTree = "<group>";
		};
/* End PBXVariantGroup section */

/* Begin XCBuildConfiguration section */
		BD294E0C21D1A18E00976663 /* Debug */ = {
			isa = XCBuildConfiguration;
			buildSettings = {
				ALWAYS_SEARCH_USER_PATHS = NO;
				CLANG_ANALYZER_NONNULL = YES;
				CLANG_ANALYZER_NUMBER_OBJECT_CONVERSION = YES_AGGRESSIVE;
				CLANG_CXX_LANGUAGE_STANDARD = "gnu++14";
				CLANG_CXX_LIBRARY = "libc++";
				CLANG_ENABLE_MODULES = YES;
				CLANG_ENABLE_OBJC_ARC = YES;
				CLANG_ENABLE_OBJC_WEAK = YES;
				CLANG_WARN_BLOCK_CAPTURE_AUTORELEASING = YES;
				CLANG_WARN_BOOL_CONVERSION = YES;
				CLANG_WARN_COMMA = YES;
				CLANG_WARN_CONSTANT_CONVERSION = YES;
				CLANG_WARN_DEPRECATED_OBJC_IMPLEMENTATIONS = YES;
				CLANG_WARN_DIRECT_OBJC_ISA_USAGE = YES_ERROR;
				CLANG_WARN_DOCUMENTATION_COMMENTS = YES;
				CLANG_WARN_EMPTY_BODY = YES;
				CLANG_WARN_ENUM_CONVERSION = YES;
				CLANG_WARN_INFINITE_RECURSION = YES;
				CLANG_WARN_INT_CONVERSION = YES;
				CLANG_WARN_NON_LITERAL_NULL_CONVERSION = YES;
				CLANG_WARN_OBJC_IMPLICIT_RETAIN_SELF = YES;
				CLANG_WARN_OBJC_LITERAL_CONVERSION = YES;
				CLANG_WARN_OBJC_ROOT_CLASS = YES_ERROR;
				CLANG_WARN_RANGE_LOOP_ANALYSIS = YES;
				CLANG_WARN_STRICT_PROTOTYPES = YES;
				CLANG_WARN_SUSPICIOUS_MOVE = YES;
				CLANG_WARN_UNGUARDED_AVAILABILITY = YES_AGGRESSIVE;
				CLANG_WARN_UNREACHABLE_CODE = YES;
				CLANG_WARN__DUPLICATE_METHOD_MATCH = YES;
				CODE_SIGN_IDENTITY = "iPhone Developer";
				COPY_PHASE_STRIP = NO;
				DEBUG_INFORMATION_FORMAT = dwarf;
				ENABLE_STRICT_OBJC_MSGSEND = YES;
				ENABLE_TESTABILITY = YES;
				GCC_C_LANGUAGE_STANDARD = gnu11;
				GCC_DYNAMIC_NO_PIC = NO;
				GCC_NO_COMMON_BLOCKS = YES;
				GCC_OPTIMIZATION_LEVEL = 0;
				GCC_PREPROCESSOR_DEFINITIONS = (
					"DEBUG=1",
					"$(inherited)",
				);
				GCC_WARN_64_TO_32_BIT_CONVERSION = YES;
				GCC_WARN_ABOUT_RETURN_TYPE = YES_ERROR;
				GCC_WARN_UNDECLARED_SELECTOR = YES;
				GCC_WARN_UNINITIALIZED_AUTOS = YES_AGGRESSIVE;
				GCC_WARN_UNUSED_FUNCTION = YES;
				GCC_WARN_UNUSED_VARIABLE = YES;
				IPHONEOS_DEPLOYMENT_TARGET = 12.1;
				MTL_ENABLE_DEBUG_INFO = INCLUDE_SOURCE;
				MTL_FAST_MATH = YES;
				ONLY_ACTIVE_ARCH = YES;
				SDKROOT = iphoneos;
				SWIFT_ACTIVE_COMPILATION_CONDITIONS = DEBUG;
				SWIFT_OPTIMIZATION_LEVEL = "-Onone";
			};
			name = Debug;
		};
		BD294E0D21D1A18E00976663 /* Release */ = {
			isa = XCBuildConfiguration;
			buildSettings = {
				ALWAYS_SEARCH_USER_PATHS = NO;
				CLANG_ANALYZER_NONNULL = YES;
				CLANG_ANALYZER_NUMBER_OBJECT_CONVERSION = YES_AGGRESSIVE;
				CLANG_CXX_LANGUAGE_STANDARD = "gnu++14";
				CLANG_CXX_LIBRARY = "libc++";
				CLANG_ENABLE_MODULES = YES;
				CLANG_ENABLE_OBJC_ARC = YES;
				CLANG_ENABLE_OBJC_WEAK = YES;
				CLANG_WARN_BLOCK_CAPTURE_AUTORELEASING = YES;
				CLANG_WARN_BOOL_CONVERSION = YES;
				CLANG_WARN_COMMA = YES;
				CLANG_WARN_CONSTANT_CONVERSION = YES;
				CLANG_WARN_DEPRECATED_OBJC_IMPLEMENTATIONS = YES;
				CLANG_WARN_DIRECT_OBJC_ISA_USAGE = YES_ERROR;
				CLANG_WARN_DOCUMENTATION_COMMENTS = YES;
				CLANG_WARN_EMPTY_BODY = YES;
				CLANG_WARN_ENUM_CONVERSION = YES;
				CLANG_WARN_INFINITE_RECURSION = YES;
				CLANG_WARN_INT_CONVERSION = YES;
				CLANG_WARN_NON_LITERAL_NULL_CONVERSION = YES;
				CLANG_WARN_OBJC_IMPLICIT_RETAIN_SELF = YES;
				CLANG_WARN_OBJC_LITERAL_CONVERSION = YES;
				CLANG_WARN_OBJC_ROOT_CLASS = YES_ERROR;
				CLANG_WARN_RANGE_LOOP_ANALYSIS = YES;
				CLANG_WARN_STRICT_PROTOTYPES = YES;
				CLANG_WARN_SUSPICIOUS_MOVE = YES;
				CLANG_WARN_UNGUARDED_AVAILABILITY = YES_AGGRESSIVE;
				CLANG_WARN_UNREACHABLE_CODE = YES;
				CLANG_WARN__DUPLICATE_METHOD_MATCH = YES;
				CODE_SIGN_IDENTITY = "iPhone Developer";
				COPY_PHASE_STRIP = NO;
				DEBUG_INFORMATION_FORMAT = "dwarf-with-dsym";
				ENABLE_NS_ASSERTIONS = NO;
				ENABLE_STRICT_OBJC_MSGSEND = YES;
				GCC_C_LANGUAGE_STANDARD = gnu11;
				GCC_NO_COMMON_BLOCKS = YES;
				GCC_WARN_64_TO_32_BIT_CONVERSION = YES;
				GCC_WARN_ABOUT_RETURN_TYPE = YES_ERROR;
				GCC_WARN_UNDECLARED_SELECTOR = YES;
				GCC_WARN_UNINITIALIZED_AUTOS = YES_AGGRESSIVE;
				GCC_WARN_UNUSED_FUNCTION = YES;
				GCC_WARN_UNUSED_VARIABLE = YES;
				IPHONEOS_DEPLOYMENT_TARGET = 12.1;
				MTL_ENABLE_DEBUG_INFO = NO;
				MTL_FAST_MATH = YES;
				SDKROOT = iphoneos;
				SWIFT_COMPILATION_MODE = wholemodule;
				SWIFT_OPTIMIZATION_LEVEL = "-O";
				VALIDATE_PRODUCT = YES;
			};
			name = Release;
		};
		BD294E0F21D1A18E00976663 /* Debug */ = {
			isa = XCBuildConfiguration;
			baseConfigurationReference = D021F81A81BF00076615E562 /* Pods-Classifieds.debug.xcconfig */;
			buildSettings = {
				ASSETCATALOG_COMPILER_APPICON_NAME = AppIcon;
				CODE_SIGN_STYLE = Automatic;
				DEVELOPMENT_TEAM = SFNG7GVEK8;
				INFOPLIST_FILE = Classifieds/Info.plist;
				LD_RUNPATH_SEARCH_PATHS = (
					"$(inherited)",
					"@executable_path/Frameworks",
				);
				PRODUCT_BUNDLE_IDENTIFIER = com.viswakodela.Classifieds;
				PRODUCT_NAME = "$(TARGET_NAME)";
				SWIFT_VERSION = 4.2;
				TARGETED_DEVICE_FAMILY = "1,2";
			};
			name = Debug;
		};
		BD294E1021D1A18E00976663 /* Release */ = {
			isa = XCBuildConfiguration;
			baseConfigurationReference = 0ED3886017A114BFA40E5D09 /* Pods-Classifieds.release.xcconfig */;
			buildSettings = {
				ASSETCATALOG_COMPILER_APPICON_NAME = AppIcon;
				CODE_SIGN_STYLE = Automatic;
				DEVELOPMENT_TEAM = SFNG7GVEK8;
				INFOPLIST_FILE = Classifieds/Info.plist;
				LD_RUNPATH_SEARCH_PATHS = (
					"$(inherited)",
					"@executable_path/Frameworks",
				);
				PRODUCT_BUNDLE_IDENTIFIER = com.viswakodela.Classifieds;
				PRODUCT_NAME = "$(TARGET_NAME)";
				SWIFT_VERSION = 4.2;
				TARGETED_DEVICE_FAMILY = "1,2";
			};
			name = Release;
		};
/* End XCBuildConfiguration section */

/* Begin XCConfigurationList section */
		BD294DF721D1A18C00976663 /* Build configuration list for PBXProject "Classifieds" */ = {
			isa = XCConfigurationList;
			buildConfigurations = (
				BD294E0C21D1A18E00976663 /* Debug */,
				BD294E0D21D1A18E00976663 /* Release */,
			);
			defaultConfigurationIsVisible = 0;
			defaultConfigurationName = Release;
		};
		BD294E0E21D1A18E00976663 /* Build configuration list for PBXNativeTarget "Classifieds" */ = {
			isa = XCConfigurationList;
			buildConfigurations = (
				BD294E0F21D1A18E00976663 /* Debug */,
				BD294E1021D1A18E00976663 /* Release */,
			);
			defaultConfigurationIsVisible = 0;
			defaultConfigurationName = Release;
		};
/* End XCConfigurationList section */
	};
	rootObject = BD294DF421D1A18C00976663 /* Project object */;
}
